// !$*UTF8*$!
{
	archiveVersion = 1;
	classes = {
	};
	objectVersion = 46;
	objects = {

/* Begin PBXBuildFile section */
		23EF34E5483D065589A64C28 /* Pods_ShapesUITests.framework in Frameworks */ = {isa = PBXBuildFile; fileRef = A350A36970C694FABD769130 /* Pods_ShapesUITests.framework */; };
		591852A71EA10F4800424619 /* ShapesTests.swift in Sources */ = {isa = PBXBuildFile; fileRef = 591852A61EA10F4800424619 /* ShapesTests.swift */; };
		591852B21EA10F4800424619 /* ShapesUITests.swift in Sources */ = {isa = PBXBuildFile; fileRef = 591852B11EA10F4800424619 /* ShapesUITests.swift */; };
		5997C2D6203E05AC003AA57B /* AppDelegate.swift in Sources */ = {isa = PBXBuildFile; fileRef = 5997C2D5203E05AC003AA57B /* AppDelegate.swift */; };
		5997C2DA203E05BB003AA57B /* Constants_Errors.swift in Sources */ = {isa = PBXBuildFile; fileRef = 5997C2D7203E05BB003AA57B /* Constants_Errors.swift */; };
		5997C2DB203E05BB003AA57B /* Constants_APIs.swift in Sources */ = {isa = PBXBuildFile; fileRef = 5997C2D8203E05BB003AA57B /* Constants_APIs.swift */; };
		5997C2DC203E05BB003AA57B /* Constants.swift in Sources */ = {isa = PBXBuildFile; fileRef = 5997C2D9203E05BB003AA57B /* Constants.swift */; };
		5997C2DE203E05CB003AA57B /* XibView.swift in Sources */ = {isa = PBXBuildFile; fileRef = 5997C2DD203E05CB003AA57B /* XibView.swift */; };
		5997C2E2203E05DA003AA57B /* DateFormatter.swift in Sources */ = {isa = PBXBuildFile; fileRef = 5997C2DF203E05DA003AA57B /* DateFormatter.swift */; };
		5997C2E3203E05DA003AA57B /* UIImageView.swift in Sources */ = {isa = PBXBuildFile; fileRef = 5997C2E0203E05DA003AA57B /* UIImageView.swift */; };
		5997C2E4203E05DA003AA57B /* UIColor.swift in Sources */ = {isa = PBXBuildFile; fileRef = 5997C2E1203E05DA003AA57B /* UIColor.swift */; };
		5997C2E6203E05E8003AA57B /* Assets.xcassets in Resources */ = {isa = PBXBuildFile; fileRef = 5997C2E5203E05E8003AA57B /* Assets.xcassets */; };
		5997C2E8203E05F3003AA57B /* LaunchScreen.storyboard in Resources */ = {isa = PBXBuildFile; fileRef = 5997C2E7203E05F3003AA57B /* LaunchScreen.storyboard */; };
		5997C2EB203E0605003AA57B /* MainTabBarViewController.swift in Sources */ = {isa = PBXBuildFile; fileRef = 5997C2E9203E0605003AA57B /* MainTabBarViewController.swift */; };
		5997C2EC203E0605003AA57B /* Main.storyboard in Resources */ = {isa = PBXBuildFile; fileRef = 5997C2EA203E0605003AA57B /* Main.storyboard */; };
		5997C2EF203E061B003AA57B /* HomeNavBar.swift in Sources */ = {isa = PBXBuildFile; fileRef = 5997C2ED203E061B003AA57B /* HomeNavBar.swift */; };
		5997C2F0203E061B003AA57B /* HomeNavBar.xib in Resources */ = {isa = PBXBuildFile; fileRef = 5997C2EE203E061B003AA57B /* HomeNavBar.xib */; };
		5997C2F3203E062C003AA57B /* HomeViewController.swift in Sources */ = {isa = PBXBuildFile; fileRef = 5997C2F1203E062B003AA57B /* HomeViewController.swift */; };
		5997C2F4203E062C003AA57B /* Home.storyboard in Resources */ = {isa = PBXBuildFile; fileRef = 5997C2F2203E062B003AA57B /* Home.storyboard */; };
		5997C2F7203E063B003AA57B /* Explore.storyboard in Resources */ = {isa = PBXBuildFile; fileRef = 5997C2F5203E063B003AA57B /* Explore.storyboard */; };
		5997C2F8203E063B003AA57B /* ExploreViewController.swift in Sources */ = {isa = PBXBuildFile; fileRef = 5997C2F6203E063B003AA57B /* ExploreViewController.swift */; };
		5997C2FA203E0657003AA57B /* Shape.swift in Sources */ = {isa = PBXBuildFile; fileRef = 5997C2F9203E0657003AA57B /* Shape.swift */; };
		5997C2FC203E0696003AA57B /* Triangle.swift in Sources */ = {isa = PBXBuildFile; fileRef = 5997C2FB203E0696003AA57B /* Triangle.swift */; };
		5997C2FE203E06A2003AA57B /* Square.swift in Sources */ = {isa = PBXBuildFile; fileRef = 5997C2FD203E06A2003AA57B /* Square.swift */; };
		5997C300203E06B0003AA57B /* Address.swift in Sources */ = {isa = PBXBuildFile; fileRef = 5997C2FF203E06B0003AA57B /* Address.swift */; };
		5997C302203E06BC003AA57B /* Account.swift in Sources */ = {isa = PBXBuildFile; fileRef = 5997C301203E06BC003AA57B /* Account.swift */; };
		5997C304203E06CA003AA57B /* AccountLoginEndpoints.swift in Sources */ = {isa = PBXBuildFile; fileRef = 5997C303203E06CA003AA57B /* AccountLoginEndpoints.swift */; };
		9DBA60FCE8A39AC9037D62AE /* Pods_ShapesTests.framework in Frameworks */ = {isa = PBXBuildFile; fileRef = 4CAC5EAFCC4B443D7A17EE47 /* Pods_ShapesTests.framework */; };
		FD0530044E7B78A8AB19E8DC /* Pods_Shapes.framework in Frameworks */ = {isa = PBXBuildFile; fileRef = 387E50C67B4D36AFFCC7406E /* Pods_Shapes.framework */; };
/* End PBXBuildFile section */

/* Begin PBXContainerItemProxy section */
		591852A31EA10F4800424619 /* PBXContainerItemProxy */ = {
			isa = PBXContainerItemProxy;
			containerPortal = 591852841EA10F4800424619 /* Project object */;
			proxyType = 1;
			remoteGlobalIDString = 5918528B1EA10F4800424619;
			remoteInfo = Shapes;
		};
		591852AE1EA10F4800424619 /* PBXContainerItemProxy */ = {
			isa = PBXContainerItemProxy;
			containerPortal = 591852841EA10F4800424619 /* Project object */;
			proxyType = 1;
			remoteGlobalIDString = 5918528B1EA10F4800424619;
			remoteInfo = Shapes;
		};
/* End PBXContainerItemProxy section */

/* Begin PBXFileReference section */
		387E50C67B4D36AFFCC7406E /* Pods_Shapes.framework */ = {isa = PBXFileReference; explicitFileType = wrapper.framework; includeInIndex = 0; path = Pods_Shapes.framework; sourceTree = BUILT_PRODUCTS_DIR; };
		3ACE682EEF4A0D0434AE0887 /* Pods-Shapes.release.xcconfig */ = {isa = PBXFileReference; includeInIndex = 1; lastKnownFileType = text.xcconfig; name = "Pods-Shapes.release.xcconfig"; path = "Pods/Target Support Files/Pods-Shapes/Pods-Shapes.release.xcconfig"; sourceTree = "<group>"; };
		42CB82B1D3F65AFBC12D3998 /* Pods-Shapes.analyze.xcconfig */ = {isa = PBXFileReference; includeInIndex = 1; lastKnownFileType = text.xcconfig; name = "Pods-Shapes.analyze.xcconfig"; path = "Pods/Target Support Files/Pods-Shapes/Pods-Shapes.analyze.xcconfig"; sourceTree = "<group>"; };
		4CAC5EAFCC4B443D7A17EE47 /* Pods_ShapesTests.framework */ = {isa = PBXFileReference; explicitFileType = wrapper.framework; includeInIndex = 0; path = Pods_ShapesTests.framework; sourceTree = BUILT_PRODUCTS_DIR; };
		54F7613A84DB7F23F4624EE4 /* Pods-ShapesUITests.debug.xcconfig */ = {isa = PBXFileReference; includeInIndex = 1; lastKnownFileType = text.xcconfig; name = "Pods-ShapesUITests.debug.xcconfig"; path = "Pods/Target Support Files/Pods-ShapesUITests/Pods-ShapesUITests.debug.xcconfig"; sourceTree = "<group>"; };
		5918528C1EA10F4800424619 /* Shapes.app */ = {isa = PBXFileReference; explicitFileType = wrapper.application; includeInIndex = 0; path = Shapes.app; sourceTree = BUILT_PRODUCTS_DIR; };
		591852A21EA10F4800424619 /* ShapesTests.xctest */ = {isa = PBXFileReference; explicitFileType = wrapper.cfbundle; includeInIndex = 0; path = ShapesTests.xctest; sourceTree = BUILT_PRODUCTS_DIR; };
		591852A61EA10F4800424619 /* ShapesTests.swift */ = {isa = PBXFileReference; lastKnownFileType = sourcecode.swift; path = ShapesTests.swift; sourceTree = "<group>"; };
		591852A81EA10F4800424619 /* Info.plist */ = {isa = PBXFileReference; lastKnownFileType = text.plist.xml; path = Info.plist; sourceTree = "<group>"; };
		591852AD1EA10F4800424619 /* ShapesUITests.xctest */ = {isa = PBXFileReference; explicitFileType = wrapper.cfbundle; includeInIndex = 0; path = ShapesUITests.xctest; sourceTree = BUILT_PRODUCTS_DIR; };
		591852B11EA10F4800424619 /* ShapesUITests.swift */ = {isa = PBXFileReference; lastKnownFileType = sourcecode.swift; path = ShapesUITests.swift; sourceTree = "<group>"; };
		591852B31EA10F4800424619 /* Info.plist */ = {isa = PBXFileReference; lastKnownFileType = text.plist.xml; path = Info.plist; sourceTree = "<group>"; };
		5997C2D3203E059C003AA57B /* Info.plist */ = {isa = PBXFileReference; fileEncoding = 4; lastKnownFileType = text.plist.xml; name = Info.plist; path = App/Info.plist; sourceTree = "<group>"; };
		5997C2D5203E05AC003AA57B /* AppDelegate.swift */ = {isa = PBXFileReference; fileEncoding = 4; lastKnownFileType = sourcecode.swift; name = AppDelegate.swift; path = App/AppDelegate.swift; sourceTree = "<group>"; };
		5997C2D7203E05BB003AA57B /* Constants_Errors.swift */ = {isa = PBXFileReference; fileEncoding = 4; lastKnownFileType = sourcecode.swift; name = Constants_Errors.swift; path = Constants/Constants_Errors.swift; sourceTree = "<group>"; };
		5997C2D8203E05BB003AA57B /* Constants_APIs.swift */ = {isa = PBXFileReference; fileEncoding = 4; lastKnownFileType = sourcecode.swift; name = Constants_APIs.swift; path = Constants/Constants_APIs.swift; sourceTree = "<group>"; };
		5997C2D9203E05BB003AA57B /* Constants.swift */ = {isa = PBXFileReference; fileEncoding = 4; lastKnownFileType = sourcecode.swift; name = Constants.swift; path = Constants/Constants.swift; sourceTree = "<group>"; };
		5997C2DD203E05CB003AA57B /* XibView.swift */ = {isa = PBXFileReference; fileEncoding = 4; lastKnownFileType = sourcecode.swift; name = XibView.swift; path = Components/XibView.swift; sourceTree = "<group>"; };
		5997C2DF203E05DA003AA57B /* DateFormatter.swift */ = {isa = PBXFileReference; fileEncoding = 4; lastKnownFileType = sourcecode.swift; name = DateFormatter.swift; path = Extensions/DateFormatter.swift; sourceTree = "<group>"; };
		5997C2E0203E05DA003AA57B /* UIImageView.swift */ = {isa = PBXFileReference; fileEncoding = 4; lastKnownFileType = sourcecode.swift; name = UIImageView.swift; path = Extensions/UIImageView.swift; sourceTree = "<group>"; };
		5997C2E1203E05DA003AA57B /* UIColor.swift */ = {isa = PBXFileReference; fileEncoding = 4; lastKnownFileType = sourcecode.swift; name = UIColor.swift; path = Extensions/UIColor.swift; sourceTree = "<group>"; };
		5997C2E5203E05E8003AA57B /* Assets.xcassets */ = {isa = PBXFileReference; lastKnownFileType = folder.assetcatalog; name = Assets.xcassets; path = Resources/Assets.xcassets; sourceTree = "<group>"; };
		5997C2E7203E05F3003AA57B /* LaunchScreen.storyboard */ = {isa = PBXFileReference; fileEncoding = 4; lastKnownFileType = file.storyboard; name = LaunchScreen.storyboard; path = Storyboard/LaunchScreen/LaunchScreen.storyboard; sourceTree = "<group>"; };
		5997C2E9203E0605003AA57B /* MainTabBarViewController.swift */ = {isa = PBXFileReference; fileEncoding = 4; lastKnownFileType = sourcecode.swift; name = MainTabBarViewController.swift; path = Storyboard/Main/MainTabBarViewController.swift; sourceTree = "<group>"; };
		5997C2EA203E0605003AA57B /* Main.storyboard */ = {isa = PBXFileReference; fileEncoding = 4; lastKnownFileType = file.storyboard; name = Main.storyboard; path = Storyboard/Main/Main.storyboard; sourceTree = "<group>"; };
		5997C2ED203E061B003AA57B /* HomeNavBar.swift */ = {isa = PBXFileReference; fileEncoding = 4; lastKnownFileType = sourcecode.swift; name = HomeNavBar.swift; path = Storyboard/Home/NavBar/HomeNavBar.swift; sourceTree = "<group>"; };
		5997C2EE203E061B003AA57B /* HomeNavBar.xib */ = {isa = PBXFileReference; fileEncoding = 4; lastKnownFileType = file.xib; name = HomeNavBar.xib; path = Storyboard/Home/NavBar/HomeNavBar.xib; sourceTree = "<group>"; };
		5997C2F1203E062B003AA57B /* HomeViewController.swift */ = {isa = PBXFileReference; fileEncoding = 4; lastKnownFileType = sourcecode.swift; name = HomeViewController.swift; path = Storyboard/Home/HomeViewController.swift; sourceTree = "<group>"; };
		5997C2F2203E062B003AA57B /* Home.storyboard */ = {isa = PBXFileReference; fileEncoding = 4; lastKnownFileType = file.storyboard; name = Home.storyboard; path = Storyboard/Home/Home.storyboard; sourceTree = "<group>"; };
		5997C2F5203E063B003AA57B /* Explore.storyboard */ = {isa = PBXFileReference; fileEncoding = 4; lastKnownFileType = file.storyboard; name = Explore.storyboard; path = Storyboard/Explore/Explore.storyboard; sourceTree = "<group>"; };
		5997C2F6203E063B003AA57B /* ExploreViewController.swift */ = {isa = PBXFileReference; fileEncoding = 4; lastKnownFileType = sourcecode.swift; name = ExploreViewController.swift; path = Storyboard/Explore/ExploreViewController.swift; sourceTree = "<group>"; };
		5997C2F9203E0657003AA57B /* Shape.swift */ = {isa = PBXFileReference; fileEncoding = 4; lastKnownFileType = sourcecode.swift; name = Shape.swift; path = Models/Shapes/Shape.swift; sourceTree = "<group>"; };
		5997C2FB203E0696003AA57B /* Triangle.swift */ = {isa = PBXFileReference; fileEncoding = 4; lastKnownFileType = sourcecode.swift; name = Triangle.swift; path = "Models/Shapes/3-Sided/Triangle.swift"; sourceTree = "<group>"; };
		5997C2FD203E06A2003AA57B /* Square.swift */ = {isa = PBXFileReference; fileEncoding = 4; lastKnownFileType = sourcecode.swift; name = Square.swift; path = "Models/Shapes/4-Sided/Square.swift"; sourceTree = "<group>"; };
		5997C2FF203E06B0003AA57B /* Address.swift */ = {isa = PBXFileReference; fileEncoding = 4; lastKnownFileType = sourcecode.swift; name = Address.swift; path = Models/Account/Components/Address.swift; sourceTree = "<group>"; };
		5997C301203E06BC003AA57B /* Account.swift */ = {isa = PBXFileReference; fileEncoding = 4; lastKnownFileType = sourcecode.swift; name = Account.swift; path = Models/Account/Account.swift; sourceTree = "<group>"; };
		5997C303203E06CA003AA57B /* AccountLoginEndpoints.swift */ = {isa = PBXFileReference; fileEncoding = 4; lastKnownFileType = sourcecode.swift; name = AccountLoginEndpoints.swift; path = APIs/Account/AccountLoginEndpoints.swift; sourceTree = "<group>"; };
		892B7B38848C02F925891640 /* Pods-ShapesTests.debug.xcconfig */ = {isa = PBXFileReference; includeInIndex = 1; lastKnownFileType = text.xcconfig; name = "Pods-ShapesTests.debug.xcconfig"; path = "Pods/Target Support Files/Pods-ShapesTests/Pods-ShapesTests.debug.xcconfig"; sourceTree = "<group>"; };
		8DCB9AE8B4EF34D254F24F1A /* Pods-ShapesTests.analyze.xcconfig */ = {isa = PBXFileReference; includeInIndex = 1; lastKnownFileType = text.xcconfig; name = "Pods-ShapesTests.analyze.xcconfig"; path = "Pods/Target Support Files/Pods-ShapesTests/Pods-ShapesTests.analyze.xcconfig"; sourceTree = "<group>"; };
		9A8A8F8701663C286A06A9D4 /* Pods-ShapesUITests.release.xcconfig */ = {isa = PBXFileReference; includeInIndex = 1; lastKnownFileType = text.xcconfig; name = "Pods-ShapesUITests.release.xcconfig"; path = "Pods/Target Support Files/Pods-ShapesUITests/Pods-ShapesUITests.release.xcconfig"; sourceTree = "<group>"; };
		A350A36970C694FABD769130 /* Pods_ShapesUITests.framework */ = {isa = PBXFileReference; explicitFileType = wrapper.framework; includeInIndex = 0; path = Pods_ShapesUITests.framework; sourceTree = BUILT_PRODUCTS_DIR; };
		C01165880634DC52A8E0E522 /* Pods-Shapes.debug.xcconfig */ = {isa = PBXFileReference; includeInIndex = 1; lastKnownFileType = text.xcconfig; name = "Pods-Shapes.debug.xcconfig"; path = "Pods/Target Support Files/Pods-Shapes/Pods-Shapes.debug.xcconfig"; sourceTree = "<group>"; };
		F18D4AB3093CFD61A093C0E4 /* Pods-ShapesUITests.analyze.xcconfig */ = {isa = PBXFileReference; includeInIndex = 1; lastKnownFileType = text.xcconfig; name = "Pods-ShapesUITests.analyze.xcconfig"; path = "Pods/Target Support Files/Pods-ShapesUITests/Pods-ShapesUITests.analyze.xcconfig"; sourceTree = "<group>"; };
		F6D6E70EDE2B53EFBA838705 /* Pods-ShapesTests.release.xcconfig */ = {isa = PBXFileReference; includeInIndex = 1; lastKnownFileType = text.xcconfig; name = "Pods-ShapesTests.release.xcconfig"; path = "Pods/Target Support Files/Pods-ShapesTests/Pods-ShapesTests.release.xcconfig"; sourceTree = "<group>"; };
/* End PBXFileReference section */

/* Begin PBXFrameworksBuildPhase section */
		591852891EA10F4800424619 /* Frameworks */ = {
			isa = PBXFrameworksBuildPhase;
			buildActionMask = 2147483647;
			files = (
				FD0530044E7B78A8AB19E8DC /* Pods_Shapes.framework in Frameworks */,
			);
			runOnlyForDeploymentPostprocessing = 0;
		};
		5918529F1EA10F4800424619 /* Frameworks */ = {
			isa = PBXFrameworksBuildPhase;
			buildActionMask = 2147483647;
			files = (
				9DBA60FCE8A39AC9037D62AE /* Pods_ShapesTests.framework in Frameworks */,
			);
			runOnlyForDeploymentPostprocessing = 0;
		};
		591852AA1EA10F4800424619 /* Frameworks */ = {
			isa = PBXFrameworksBuildPhase;
			buildActionMask = 2147483647;
			files = (
				23EF34E5483D065589A64C28 /* Pods_ShapesUITests.framework in Frameworks */,
			);
			runOnlyForDeploymentPostprocessing = 0;
		};
/* End PBXFrameworksBuildPhase section */

/* Begin PBXGroup section */
		591804E01EA1740C00310104 /* Account */ = {
			isa = PBXGroup;
			children = (
				5997C303203E06CA003AA57B /* AccountLoginEndpoints.swift */,
			);
			name = Account;
			sourceTree = "<group>";
		};
		591804E31EA174B900310104 /* Models */ = {
			isa = PBXGroup;
			children = (
				59B491981EA7C7D400932A5C /* Shapes */,
				591804E41EA174C300310104 /* Account */,
			);
			name = Models;
			sourceTree = "<group>";
		};
		591804E41EA174C300310104 /* Account */ = {
			isa = PBXGroup;
			children = (
				59B4918B1EA276E400932A5C /* Components */,
				5997C301203E06BC003AA57B /* Account.swift */,
			);
			name = Account;
			sourceTree = "<group>";
		};
		591804EB1EA17DE500310104 /* Extensions */ = {
			isa = PBXGroup;
			children = (
				5997C2DF203E05DA003AA57B /* DateFormatter.swift */,
				5997C2E1203E05DA003AA57B /* UIColor.swift */,
				5997C2E0203E05DA003AA57B /* UIImageView.swift */,
			);
			name = Extensions;
			sourceTree = "<group>";
		};
		591852831EA10F4800424619 = {
			isa = PBXGroup;
			children = (
				5918528E1EA10F4800424619 /* Shapes */,
				591852A51EA10F4800424619 /* ShapesTests */,
				591852B01EA10F4800424619 /* ShapesUITests */,
				5918528D1EA10F4800424619 /* Products */,
				BE297BBC8EB6EE9C2AC8F070 /* Pods */,
				802F7618047DF793C3F0CA58 /* Frameworks */,
			);
			sourceTree = "<group>";
		};
		5918528D1EA10F4800424619 /* Products */ = {
			isa = PBXGroup;
			children = (
				5918528C1EA10F4800424619 /* Shapes.app */,
				591852A21EA10F4800424619 /* ShapesTests.xctest */,
				591852AD1EA10F4800424619 /* ShapesUITests.xctest */,
			);
			name = Products;
			sourceTree = "<group>";
		};
		5918528E1EA10F4800424619 /* Shapes */ = {
			isa = PBXGroup;
			children = (
				5930607F203CBC8900F7971D /* App */,
				591852C31EA130BB00424619 /* Constants */,
				59B491901EA683C600932A5C /* Components */,
				591804EB1EA17DE500310104 /* Extensions */,
				591852D11EA136AA00424619 /* Resources */,
				591852BF1EA12F0D00424619 /* Storyboard */,
				591804E31EA174B900310104 /* Models */,
				591852D01EA1358500424619 /* APIs */,
			);
			path = Shapes;
			sourceTree = "<group>";
		};
		591852A51EA10F4800424619 /* ShapesTests */ = {
			isa = PBXGroup;
			children = (
				591852A61EA10F4800424619 /* ShapesTests.swift */,
				591852A81EA10F4800424619 /* Info.plist */,
			);
			path = ShapesTests;
			sourceTree = "<group>";
		};
		591852B01EA10F4800424619 /* ShapesUITests */ = {
			isa = PBXGroup;
			children = (
				591852B11EA10F4800424619 /* ShapesUITests.swift */,
				591852B31EA10F4800424619 /* Info.plist */,
			);
			path = ShapesUITests;
			sourceTree = "<group>";
		};
		591852BF1EA12F0D00424619 /* Storyboard */ = {
			isa = PBXGroup;
			children = (
				59DA2FB21EA138A100174266 /* LaunchScreen */,
				591852C01EA12F2D00424619 /* Main */,
				591852C61EA1326A00424619 /* Home */,
				591852C71EA1327600424619 /* Explore */,
				597055401EA94513005561D3 /* Login */,
				597055411EA94521005561D3 /* Register */,
			);
			name = Storyboard;
			sourceTree = "<group>";
		};
		591852C01EA12F2D00424619 /* Main */ = {
			isa = PBXGroup;
			children = (
				5997C2EA203E0605003AA57B /* Main.storyboard */,
				5997C2E9203E0605003AA57B /* MainTabBarViewController.swift */,
			);
			name = Main;
			sourceTree = "<group>";
		};
		591852C31EA130BB00424619 /* Constants */ = {
			isa = PBXGroup;
			children = (
				5997C2D8203E05BB003AA57B /* Constants_APIs.swift */,
				5997C2D7203E05BB003AA57B /* Constants_Errors.swift */,
				5997C2D9203E05BB003AA57B /* Constants.swift */,
			);
			name = Constants;
			sourceTree = "<group>";
		};
		591852C61EA1326A00424619 /* Home */ = {
			isa = PBXGroup;
			children = (
				59B491911EA696C500932A5C /* NavBar */,
				5997C2F2203E062B003AA57B /* Home.storyboard */,
				5997C2F1203E062B003AA57B /* HomeViewController.swift */,
			);
			name = Home;
			sourceTree = "<group>";
		};
		591852C71EA1327600424619 /* Explore */ = {
			isa = PBXGroup;
			children = (
				5997C2F5203E063B003AA57B /* Explore.storyboard */,
				5997C2F6203E063B003AA57B /* ExploreViewController.swift */,
			);
			name = Explore;
			sourceTree = "<group>";
		};
		591852D01EA1358500424619 /* APIs */ = {
			isa = PBXGroup;
			children = (
				591804E01EA1740C00310104 /* Account */,
			);
			name = APIs;
			sourceTree = "<group>";
		};
		591852D11EA136AA00424619 /* Resources */ = {
			isa = PBXGroup;
			children = (
				5997C2E5203E05E8003AA57B /* Assets.xcassets */,
			);
			name = Resources;
			sourceTree = "<group>";
		};
		5930607F203CBC8900F7971D /* App */ = {
			isa = PBXGroup;
			children = (
				5997C2D3203E059C003AA57B /* Info.plist */,
				5997C2D5203E05AC003AA57B /* AppDelegate.swift */,
			);
			name = App;
			sourceTree = "<group>";
		};
		597055361EA7D76A005561D3 /* 3-Sided */ = {
			isa = PBXGroup;
			children = (
				5997C2FB203E0696003AA57B /* Triangle.swift */,
			);
			name = "3-Sided";
			sourceTree = "<group>";
		};
		597055391EA7DEAA005561D3 /* 4-Sided */ = {
			isa = PBXGroup;
			children = (
				5997C2FD203E06A2003AA57B /* Square.swift */,
			);
			name = "4-Sided";
			sourceTree = "<group>";
		};
		597055401EA94513005561D3 /* Login */ = {
			isa = PBXGroup;
			children = (
			);
			name = Login;
			sourceTree = "<group>";
		};
		597055411EA94521005561D3 /* Register */ = {
			isa = PBXGroup;
			children = (
			);
			name = Register;
			sourceTree = "<group>";
		};
		59B4918B1EA276E400932A5C /* Components */ = {
			isa = PBXGroup;
			children = (
				5997C2FF203E06B0003AA57B /* Address.swift */,
			);
			name = Components;
			sourceTree = "<group>";
		};
		59B491901EA683C600932A5C /* Components */ = {
			isa = PBXGroup;
			children = (
				5997C2DD203E05CB003AA57B /* XibView.swift */,
			);
			name = Components;
			sourceTree = "<group>";
		};
		59B491911EA696C500932A5C /* NavBar */ = {
			isa = PBXGroup;
			children = (
				5997C2ED203E061B003AA57B /* HomeNavBar.swift */,
				5997C2EE203E061B003AA57B /* HomeNavBar.xib */,
			);
			name = NavBar;
			sourceTree = "<group>";
		};
		59B491981EA7C7D400932A5C /* Shapes */ = {
			isa = PBXGroup;
			children = (
				5997C2F9203E0657003AA57B /* Shape.swift */,
				597055361EA7D76A005561D3 /* 3-Sided */,
				597055391EA7DEAA005561D3 /* 4-Sided */,
			);
			name = Shapes;
			sourceTree = "<group>";
		};
		59DA2FB21EA138A100174266 /* LaunchScreen */ = {
			isa = PBXGroup;
			children = (
				5997C2E7203E05F3003AA57B /* LaunchScreen.storyboard */,
			);
			name = LaunchScreen;
			sourceTree = "<group>";
		};
		802F7618047DF793C3F0CA58 /* Frameworks */ = {
			isa = PBXGroup;
			children = (
				387E50C67B4D36AFFCC7406E /* Pods_Shapes.framework */,
				4CAC5EAFCC4B443D7A17EE47 /* Pods_ShapesTests.framework */,
				A350A36970C694FABD769130 /* Pods_ShapesUITests.framework */,
			);
			name = Frameworks;
			sourceTree = "<group>";
		};
		BE297BBC8EB6EE9C2AC8F070 /* Pods */ = {
			isa = PBXGroup;
			children = (
				C01165880634DC52A8E0E522 /* Pods-Shapes.debug.xcconfig */,
				3ACE682EEF4A0D0434AE0887 /* Pods-Shapes.release.xcconfig */,
				892B7B38848C02F925891640 /* Pods-ShapesTests.debug.xcconfig */,
				F6D6E70EDE2B53EFBA838705 /* Pods-ShapesTests.release.xcconfig */,
				54F7613A84DB7F23F4624EE4 /* Pods-ShapesUITests.debug.xcconfig */,
				9A8A8F8701663C286A06A9D4 /* Pods-ShapesUITests.release.xcconfig */,
				42CB82B1D3F65AFBC12D3998 /* Pods-Shapes.analyze.xcconfig */,
				8DCB9AE8B4EF34D254F24F1A /* Pods-ShapesTests.analyze.xcconfig */,
				F18D4AB3093CFD61A093C0E4 /* Pods-ShapesUITests.analyze.xcconfig */,
			);
			name = Pods;
			sourceTree = "<group>";
		};
/* End PBXGroup section */

/* Begin PBXNativeTarget section */
		5918528B1EA10F4800424619 /* Shapes */ = {
			isa = PBXNativeTarget;
			buildConfigurationList = 591852B61EA10F4800424619 /* Build configuration list for PBXNativeTarget "Shapes" */;
			buildPhases = (
				BBD3F772646C84A6B097A192 /* [CP] Check Pods Manifest.lock */,
				591852881EA10F4800424619 /* Sources */,
				591852891EA10F4800424619 /* Frameworks */,
				5918528A1EA10F4800424619 /* Resources */,
				9FC6D50E91F37CF7F4B3672D /* [CP] Embed Pods Frameworks */,
				C06D9B6A2A4DBCDB5E34B8D9 /* [CP] Copy Pods Resources */,
				D028AB88C5110E6D3A19EEF8 /* Tailor */,
			);
			buildRules = (
			);
			dependencies = (
			);
			name = Shapes;
			productName = Shapes;
			productReference = 5918528C1EA10F4800424619 /* Shapes.app */;
			productType = "com.apple.product-type.application";
		};
		591852A11EA10F4800424619 /* ShapesTests */ = {
			isa = PBXNativeTarget;
			buildConfigurationList = 591852B91EA10F4800424619 /* Build configuration list for PBXNativeTarget "ShapesTests" */;
			buildPhases = (
				9D665753B8E2EDE44A8849BA /* [CP] Check Pods Manifest.lock */,
				5918529E1EA10F4800424619 /* Sources */,
				5918529F1EA10F4800424619 /* Frameworks */,
				591852A01EA10F4800424619 /* Resources */,
				74BCA75F655DA84A8E299947 /* [CP] Embed Pods Frameworks */,
				86CF08DAA3407D9B3390969D /* [CP] Copy Pods Resources */,
			);
			buildRules = (
			);
			dependencies = (
				591852A41EA10F4800424619 /* PBXTargetDependency */,
			);
			name = ShapesTests;
			productName = ShapesTests;
			productReference = 591852A21EA10F4800424619 /* ShapesTests.xctest */;
			productType = "com.apple.product-type.bundle.unit-test";
		};
		591852AC1EA10F4800424619 /* ShapesUITests */ = {
			isa = PBXNativeTarget;
			buildConfigurationList = 591852BC1EA10F4800424619 /* Build configuration list for PBXNativeTarget "ShapesUITests" */;
			buildPhases = (
				0F754E76AF29C8E16ED8C956 /* [CP] Check Pods Manifest.lock */,
				591852A91EA10F4800424619 /* Sources */,
				591852AA1EA10F4800424619 /* Frameworks */,
				591852AB1EA10F4800424619 /* Resources */,
				53F83E322D26FD9074811584 /* [CP] Embed Pods Frameworks */,
				C251BCE70C80D04464944A78 /* [CP] Copy Pods Resources */,
			);
			buildRules = (
			);
			dependencies = (
				591852AF1EA10F4800424619 /* PBXTargetDependency */,
			);
			name = ShapesUITests;
			productName = ShapesUITests;
			productReference = 591852AD1EA10F4800424619 /* ShapesUITests.xctest */;
			productType = "com.apple.product-type.bundle.ui-testing";
		};
/* End PBXNativeTarget section */

/* Begin PBXProject section */
		591852841EA10F4800424619 /* Project object */ = {
			isa = PBXProject;
			attributes = {
				LastSwiftUpdateCheck = 0830;
				LastUpgradeCheck = 0920;
				ORGANIZATIONNAME = Credera;
				TargetAttributes = {
					5918528B1EA10F4800424619 = {
						CreatedOnToolsVersion = 8.3;
						DevelopmentTeam = HPYS5PBF55;
						LastSwiftMigration = 0900;
						ProvisioningStyle = Automatic;
					};
					591852A11EA10F4800424619 = {
						CreatedOnToolsVersion = 8.3;
						DevelopmentTeam = HPYS5PBF55;
						LastSwiftMigration = 0920;
						ProvisioningStyle = Automatic;
						TestTargetID = 5918528B1EA10F4800424619;
					};
					591852AC1EA10F4800424619 = {
						CreatedOnToolsVersion = 8.3;
						DevelopmentTeam = HPYS5PBF55;
						LastSwiftMigration = 0920;
						ProvisioningStyle = Automatic;
						TestTargetID = 5918528B1EA10F4800424619;
					};
				};
			};
			buildConfigurationList = 591852871EA10F4800424619 /* Build configuration list for PBXProject "Shapes" */;
			compatibilityVersion = "Xcode 3.2";
			developmentRegion = English;
			hasScannedForEncodings = 0;
			knownRegions = (
				en,
				Base,
			);
			mainGroup = 591852831EA10F4800424619;
			productRefGroup = 5918528D1EA10F4800424619 /* Products */;
			projectDirPath = "";
			projectRoot = "";
			targets = (
				5918528B1EA10F4800424619 /* Shapes */,
				591852A11EA10F4800424619 /* ShapesTests */,
				591852AC1EA10F4800424619 /* ShapesUITests */,
			);
		};
/* End PBXProject section */

/* Begin PBXResourcesBuildPhase section */
		5918528A1EA10F4800424619 /* Resources */ = {
			isa = PBXResourcesBuildPhase;
			buildActionMask = 2147483647;
			files = (
				5997C2F7203E063B003AA57B /* Explore.storyboard in Resources */,
				5997C2E8203E05F3003AA57B /* LaunchScreen.storyboard in Resources */,
				5997C2F0203E061B003AA57B /* HomeNavBar.xib in Resources */,
				5997C2EC203E0605003AA57B /* Main.storyboard in Resources */,
				5997C2E6203E05E8003AA57B /* Assets.xcassets in Resources */,
				5997C2F4203E062C003AA57B /* Home.storyboard in Resources */,
			);
			runOnlyForDeploymentPostprocessing = 0;
		};
		591852A01EA10F4800424619 /* Resources */ = {
			isa = PBXResourcesBuildPhase;
			buildActionMask = 2147483647;
			files = (
			);
			runOnlyForDeploymentPostprocessing = 0;
		};
		591852AB1EA10F4800424619 /* Resources */ = {
			isa = PBXResourcesBuildPhase;
			buildActionMask = 2147483647;
			files = (
			);
			runOnlyForDeploymentPostprocessing = 0;
		};
/* End PBXResourcesBuildPhase section */

/* Begin PBXShellScriptBuildPhase section */
		0F754E76AF29C8E16ED8C956 /* [CP] Check Pods Manifest.lock */ = {
			isa = PBXShellScriptBuildPhase;
			buildActionMask = 2147483647;
			files = (
			);
			inputPaths = (
				"${PODS_PODFILE_DIR_PATH}/Podfile.lock",
				"${PODS_ROOT}/Manifest.lock",
			);
			name = "[CP] Check Pods Manifest.lock";
			outputPaths = (
				"$(DERIVED_FILE_DIR)/Pods-ShapesUITests-checkManifestLockResult.txt",
			);
			runOnlyForDeploymentPostprocessing = 0;
			shellPath = /bin/sh;
			shellScript = "diff \"${PODS_PODFILE_DIR_PATH}/Podfile.lock\" \"${PODS_ROOT}/Manifest.lock\" > /dev/null\nif [ $? != 0 ] ; then\n    # print error to STDERR\n    echo \"error: The sandbox is not in sync with the Podfile.lock. Run 'pod install' or update your CocoaPods installation.\" >&2\n    exit 1\nfi\n# This output is used by Xcode 'outputs' to avoid re-running this script phase.\necho \"SUCCESS\" > \"${SCRIPT_OUTPUT_FILE_0}\"\n";
			showEnvVarsInLog = 0;
		};
		53F83E322D26FD9074811584 /* [CP] Embed Pods Frameworks */ = {
			isa = PBXShellScriptBuildPhase;
			buildActionMask = 2147483647;
			files = (
			);
			inputPaths = (
			);
			name = "[CP] Embed Pods Frameworks";
			outputPaths = (
			);
			runOnlyForDeploymentPostprocessing = 0;
			shellPath = /bin/sh;
			shellScript = "\"${SRCROOT}/Pods/Target Support Files/Pods-ShapesUITests/Pods-ShapesUITests-frameworks.sh\"\n";
			showEnvVarsInLog = 0;
		};
		74BCA75F655DA84A8E299947 /* [CP] Embed Pods Frameworks */ = {
			isa = PBXShellScriptBuildPhase;
			buildActionMask = 2147483647;
			files = (
			);
			inputPaths = (
			);
			name = "[CP] Embed Pods Frameworks";
			outputPaths = (
			);
			runOnlyForDeploymentPostprocessing = 0;
			shellPath = /bin/sh;
			shellScript = "\"${SRCROOT}/Pods/Target Support Files/Pods-ShapesTests/Pods-ShapesTests-frameworks.sh\"\n";
			showEnvVarsInLog = 0;
		};
		86CF08DAA3407D9B3390969D /* [CP] Copy Pods Resources */ = {
			isa = PBXShellScriptBuildPhase;
			buildActionMask = 2147483647;
			files = (
			);
			inputPaths = (
			);
			name = "[CP] Copy Pods Resources";
			outputPaths = (
			);
			runOnlyForDeploymentPostprocessing = 0;
			shellPath = /bin/sh;
			shellScript = "\"${SRCROOT}/Pods/Target Support Files/Pods-ShapesTests/Pods-ShapesTests-resources.sh\"\n";
			showEnvVarsInLog = 0;
		};
		9D665753B8E2EDE44A8849BA /* [CP] Check Pods Manifest.lock */ = {
			isa = PBXShellScriptBuildPhase;
			buildActionMask = 2147483647;
			files = (
			);
			inputPaths = (
				"${PODS_PODFILE_DIR_PATH}/Podfile.lock",
				"${PODS_ROOT}/Manifest.lock",
			);
			name = "[CP] Check Pods Manifest.lock";
			outputPaths = (
				"$(DERIVED_FILE_DIR)/Pods-ShapesTests-checkManifestLockResult.txt",
			);
			runOnlyForDeploymentPostprocessing = 0;
			shellPath = /bin/sh;
			shellScript = "diff \"${PODS_PODFILE_DIR_PATH}/Podfile.lock\" \"${PODS_ROOT}/Manifest.lock\" > /dev/null\nif [ $? != 0 ] ; then\n    # print error to STDERR\n    echo \"error: The sandbox is not in sync with the Podfile.lock. Run 'pod install' or update your CocoaPods installation.\" >&2\n    exit 1\nfi\n# This output is used by Xcode 'outputs' to avoid re-running this script phase.\necho \"SUCCESS\" > \"${SCRIPT_OUTPUT_FILE_0}\"\n";
			showEnvVarsInLog = 0;
		};
		9FC6D50E91F37CF7F4B3672D /* [CP] Embed Pods Frameworks */ = {
			isa = PBXShellScriptBuildPhase;
			buildActionMask = 2147483647;
			files = (
			);
			inputPaths = (
				"${SRCROOT}/Pods/Target Support Files/Pods-Shapes/Pods-Shapes-frameworks.sh",
				"${BUILT_PRODUCTS_DIR}/Alamofire/Alamofire.framework",
				"${BUILT_PRODUCTS_DIR}/SwiftyJSON/SwiftyJSON.framework",
			);
			name = "[CP] Embed Pods Frameworks";
			outputPaths = (
				"${TARGET_BUILD_DIR}/${FRAMEWORKS_FOLDER_PATH}/Alamofire.framework",
				"${TARGET_BUILD_DIR}/${FRAMEWORKS_FOLDER_PATH}/SwiftyJSON.framework",
			);
			runOnlyForDeploymentPostprocessing = 0;
			shellPath = /bin/sh;
			shellScript = "\"${SRCROOT}/Pods/Target Support Files/Pods-Shapes/Pods-Shapes-frameworks.sh\"\n";
			showEnvVarsInLog = 0;
		};
		BBD3F772646C84A6B097A192 /* [CP] Check Pods Manifest.lock */ = {
			isa = PBXShellScriptBuildPhase;
			buildActionMask = 2147483647;
			files = (
			);
			inputPaths = (
				"${PODS_PODFILE_DIR_PATH}/Podfile.lock",
				"${PODS_ROOT}/Manifest.lock",
			);
			name = "[CP] Check Pods Manifest.lock";
			outputPaths = (
				"$(DERIVED_FILE_DIR)/Pods-Shapes-checkManifestLockResult.txt",
			);
			runOnlyForDeploymentPostprocessing = 0;
			shellPath = /bin/sh;
			shellScript = "diff \"${PODS_PODFILE_DIR_PATH}/Podfile.lock\" \"${PODS_ROOT}/Manifest.lock\" > /dev/null\nif [ $? != 0 ] ; then\n    # print error to STDERR\n    echo \"error: The sandbox is not in sync with the Podfile.lock. Run 'pod install' or update your CocoaPods installation.\" >&2\n    exit 1\nfi\n# This output is used by Xcode 'outputs' to avoid re-running this script phase.\necho \"SUCCESS\" > \"${SCRIPT_OUTPUT_FILE_0}\"\n";
			showEnvVarsInLog = 0;
		};
		C06D9B6A2A4DBCDB5E34B8D9 /* [CP] Copy Pods Resources */ = {
			isa = PBXShellScriptBuildPhase;
			buildActionMask = 2147483647;
			files = (
			);
			inputPaths = (
			);
			name = "[CP] Copy Pods Resources";
			outputPaths = (
			);
			runOnlyForDeploymentPostprocessing = 0;
			shellPath = /bin/sh;
			shellScript = "\"${SRCROOT}/Pods/Target Support Files/Pods-Shapes/Pods-Shapes-resources.sh\"\n";
			showEnvVarsInLog = 0;
		};
		C251BCE70C80D04464944A78 /* [CP] Copy Pods Resources */ = {
			isa = PBXShellScriptBuildPhase;
			buildActionMask = 2147483647;
			files = (
			);
			inputPaths = (
			);
			name = "[CP] Copy Pods Resources";
			outputPaths = (
			);
			runOnlyForDeploymentPostprocessing = 0;
			shellPath = /bin/sh;
			shellScript = "\"${SRCROOT}/Pods/Target Support Files/Pods-ShapesUITests/Pods-ShapesUITests-resources.sh\"\n";
			showEnvVarsInLog = 0;
		};
		D028AB88C5110E6D3A19EEF8 /* Tailor */ = {
			isa = PBXShellScriptBuildPhase;
			buildActionMask = 2147483647;
			files = (
			);
			inputPaths = (
			);
			name = Tailor;
			outputPaths = (
			);
			runOnlyForDeploymentPostprocessing = 0;
			shellPath = /bin/sh;
			shellScript = "if [ \"${CONFIGURATION}\" = \"Analyze\" ]; then\n    if hash tailor 2>/dev/null; then\n        tailor --except=trailing-whitespace Shapes/\n    else\n        echo \"warning: Please install Tailor from https://tailor.sh\"\n    fi\nfi";
		};
/* End PBXShellScriptBuildPhase section */

/* Begin PBXSourcesBuildPhase section */
		591852881EA10F4800424619 /* Sources */ = {
			isa = PBXSourcesBuildPhase;
			buildActionMask = 2147483647;
			files = (
				5997C2EF203E061B003AA57B /* HomeNavBar.swift in Sources */,
				5997C2DE203E05CB003AA57B /* XibView.swift in Sources */,
				5997C2F3203E062C003AA57B /* HomeViewController.swift in Sources */,
				5997C304203E06CA003AA57B /* AccountLoginEndpoints.swift in Sources */,
				5997C2FC203E0696003AA57B /* Triangle.swift in Sources */,
				5997C2E4203E05DA003AA57B /* UIColor.swift in Sources */,
				5997C300203E06B0003AA57B /* Address.swift in Sources */,
				5997C2DA203E05BB003AA57B /* Constants_Errors.swift in Sources */,
				5997C2D6203E05AC003AA57B /* AppDelegate.swift in Sources */,
				5997C2DB203E05BB003AA57B /* Constants_APIs.swift in Sources */,
				5997C2E2203E05DA003AA57B /* DateFormatter.swift in Sources */,
				5997C2EB203E0605003AA57B /* MainTabBarViewController.swift in Sources */,
				5997C2DC203E05BB003AA57B /* Constants.swift in Sources */,
				5997C2F8203E063B003AA57B /* ExploreViewController.swift in Sources */,
				5997C2FE203E06A2003AA57B /* Square.swift in Sources */,
				5997C2E3203E05DA003AA57B /* UIImageView.swift in Sources */,
				5997C302203E06BC003AA57B /* Account.swift in Sources */,
				5997C2FA203E0657003AA57B /* Shape.swift in Sources */,
			);
			runOnlyForDeploymentPostprocessing = 0;
		};
		5918529E1EA10F4800424619 /* Sources */ = {
			isa = PBXSourcesBuildPhase;
			buildActionMask = 2147483647;
			files = (
				591852A71EA10F4800424619 /* ShapesTests.swift in Sources */,
			);
			runOnlyForDeploymentPostprocessing = 0;
		};
		591852A91EA10F4800424619 /* Sources */ = {
			isa = PBXSourcesBuildPhase;
			buildActionMask = 2147483647;
			files = (
				591852B21EA10F4800424619 /* ShapesUITests.swift in Sources */,
			);
			runOnlyForDeploymentPostprocessing = 0;
		};
/* End PBXSourcesBuildPhase section */

/* Begin PBXTargetDependency section */
		591852A41EA10F4800424619 /* PBXTargetDependency */ = {
			isa = PBXTargetDependency;
			target = 5918528B1EA10F4800424619 /* Shapes */;
			targetProxy = 591852A31EA10F4800424619 /* PBXContainerItemProxy */;
		};
		591852AF1EA10F4800424619 /* PBXTargetDependency */ = {
			isa = PBXTargetDependency;
			target = 5918528B1EA10F4800424619 /* Shapes */;
			targetProxy = 591852AE1EA10F4800424619 /* PBXContainerItemProxy */;
		};
/* End PBXTargetDependency section */

/* Begin XCBuildConfiguration section */
		591852B41EA10F4800424619 /* Debug */ = {
			isa = XCBuildConfiguration;
			buildSettings = {
				ALWAYS_SEARCH_USER_PATHS = NO;
				CLANG_ANALYZER_NONNULL = YES;
				CLANG_ANALYZER_NUMBER_OBJECT_CONVERSION = YES_AGGRESSIVE;
				CLANG_CXX_LANGUAGE_STANDARD = "gnu++0x";
				CLANG_CXX_LIBRARY = "libc++";
				CLANG_ENABLE_MODULES = YES;
				CLANG_ENABLE_OBJC_ARC = YES;
				CLANG_WARN_BLOCK_CAPTURE_AUTORELEASING = YES;
				CLANG_WARN_BOOL_CONVERSION = YES;
				CLANG_WARN_COMMA = YES;
				CLANG_WARN_CONSTANT_CONVERSION = YES;
				CLANG_WARN_DIRECT_OBJC_ISA_USAGE = YES_ERROR;
				CLANG_WARN_DOCUMENTATION_COMMENTS = YES;
				CLANG_WARN_EMPTY_BODY = YES;
				CLANG_WARN_ENUM_CONVERSION = YES;
				CLANG_WARN_INFINITE_RECURSION = YES;
				CLANG_WARN_INT_CONVERSION = YES;
				CLANG_WARN_NON_LITERAL_NULL_CONVERSION = YES;
				CLANG_WARN_OBJC_LITERAL_CONVERSION = YES;
				CLANG_WARN_OBJC_ROOT_CLASS = YES_ERROR;
				CLANG_WARN_RANGE_LOOP_ANALYSIS = YES;
				CLANG_WARN_STRICT_PROTOTYPES = YES;
				CLANG_WARN_SUSPICIOUS_MOVE = YES;
				CLANG_WARN_UNREACHABLE_CODE = YES;
				CLANG_WARN__DUPLICATE_METHOD_MATCH = YES;
				"CODE_SIGN_IDENTITY[sdk=iphoneos*]" = "iPhone Developer";
				COPY_PHASE_STRIP = NO;
				DEBUG_INFORMATION_FORMAT = dwarf;
				ENABLE_STRICT_OBJC_MSGSEND = YES;
				ENABLE_TESTABILITY = YES;
				GCC_C_LANGUAGE_STANDARD = gnu99;
				GCC_DYNAMIC_NO_PIC = NO;
				GCC_NO_COMMON_BLOCKS = YES;
				GCC_OPTIMIZATION_LEVEL = 0;
				GCC_PREPROCESSOR_DEFINITIONS = (
					"DEBUG=1",
					"$(inherited)",
				);
				GCC_WARN_64_TO_32_BIT_CONVERSION = YES;
				GCC_WARN_ABOUT_RETURN_TYPE = YES_ERROR;
				GCC_WARN_UNDECLARED_SELECTOR = YES;
				GCC_WARN_UNINITIALIZED_AUTOS = YES_AGGRESSIVE;
				GCC_WARN_UNUSED_FUNCTION = YES;
				GCC_WARN_UNUSED_VARIABLE = YES;
				IPHONEOS_DEPLOYMENT_TARGET = 10.3;
				MTL_ENABLE_DEBUG_INFO = YES;
				ONLY_ACTIVE_ARCH = YES;
				SDKROOT = iphoneos;
				SWIFT_ACTIVE_COMPILATION_CONDITIONS = DEBUG;
				SWIFT_OPTIMIZATION_LEVEL = "-Onone";
			};
			name = Debug;
		};
		591852B51EA10F4800424619 /* Release */ = {
			isa = XCBuildConfiguration;
			buildSettings = {
				ALWAYS_SEARCH_USER_PATHS = NO;
				CLANG_ANALYZER_NONNULL = YES;
				CLANG_ANALYZER_NUMBER_OBJECT_CONVERSION = YES_AGGRESSIVE;
				CLANG_CXX_LANGUAGE_STANDARD = "gnu++0x";
				CLANG_CXX_LIBRARY = "libc++";
				CLANG_ENABLE_MODULES = YES;
				CLANG_ENABLE_OBJC_ARC = YES;
				CLANG_WARN_BLOCK_CAPTURE_AUTORELEASING = YES;
				CLANG_WARN_BOOL_CONVERSION = YES;
				CLANG_WARN_COMMA = YES;
				CLANG_WARN_CONSTANT_CONVERSION = YES;
				CLANG_WARN_DIRECT_OBJC_ISA_USAGE = YES_ERROR;
				CLANG_WARN_DOCUMENTATION_COMMENTS = YES;
				CLANG_WARN_EMPTY_BODY = YES;
				CLANG_WARN_ENUM_CONVERSION = YES;
				CLANG_WARN_INFINITE_RECURSION = YES;
				CLANG_WARN_INT_CONVERSION = YES;
				CLANG_WARN_NON_LITERAL_NULL_CONVERSION = YES;
				CLANG_WARN_OBJC_LITERAL_CONVERSION = YES;
				CLANG_WARN_OBJC_ROOT_CLASS = YES_ERROR;
				CLANG_WARN_RANGE_LOOP_ANALYSIS = YES;
				CLANG_WARN_STRICT_PROTOTYPES = YES;
				CLANG_WARN_SUSPICIOUS_MOVE = YES;
				CLANG_WARN_UNREACHABLE_CODE = YES;
				CLANG_WARN__DUPLICATE_METHOD_MATCH = YES;
				"CODE_SIGN_IDENTITY[sdk=iphoneos*]" = "iPhone Developer";
				COPY_PHASE_STRIP = NO;
				DEBUG_INFORMATION_FORMAT = "dwarf-with-dsym";
				ENABLE_NS_ASSERTIONS = NO;
				ENABLE_STRICT_OBJC_MSGSEND = YES;
				GCC_C_LANGUAGE_STANDARD = gnu99;
				GCC_NO_COMMON_BLOCKS = YES;
				GCC_WARN_64_TO_32_BIT_CONVERSION = YES;
				GCC_WARN_ABOUT_RETURN_TYPE = YES_ERROR;
				GCC_WARN_UNDECLARED_SELECTOR = YES;
				GCC_WARN_UNINITIALIZED_AUTOS = YES_AGGRESSIVE;
				GCC_WARN_UNUSED_FUNCTION = YES;
				GCC_WARN_UNUSED_VARIABLE = YES;
				IPHONEOS_DEPLOYMENT_TARGET = 10.3;
				MTL_ENABLE_DEBUG_INFO = NO;
				SDKROOT = iphoneos;
				SWIFT_OPTIMIZATION_LEVEL = "-Owholemodule";
				VALIDATE_PRODUCT = YES;
			};
			name = Release;
		};
		591852B71EA10F4800424619 /* Debug */ = {
			isa = XCBuildConfiguration;
			baseConfigurationReference = C01165880634DC52A8E0E522 /* Pods-Shapes.debug.xcconfig */;
			buildSettings = {
				ASSETCATALOG_COMPILER_APPICON_NAME = AppIcon;
				DEVELOPMENT_TEAM = HPYS5PBF55;
				INFOPLIST_FILE = Shapes/App/Info.plist;
				LD_RUNPATH_SEARCH_PATHS = "$(inherited) @executable_path/Frameworks";
				PRODUCT_BUNDLE_IDENTIFIER = com.credera.Shapes;
				PRODUCT_NAME = "$(TARGET_NAME)";
				SWIFT_SWIFT3_OBJC_INFERENCE = Default;
				SWIFT_VERSION = 4.0;
			};
			name = Debug;
		};
		591852B81EA10F4800424619 /* Release */ = {
			isa = XCBuildConfiguration;
			baseConfigurationReference = 3ACE682EEF4A0D0434AE0887 /* Pods-Shapes.release.xcconfig */;
			buildSettings = {
				ASSETCATALOG_COMPILER_APPICON_NAME = AppIcon;
				DEVELOPMENT_TEAM = HPYS5PBF55;
				INFOPLIST_FILE = Shapes/App/Info.plist;
				LD_RUNPATH_SEARCH_PATHS = "$(inherited) @executable_path/Frameworks";
				PRODUCT_BUNDLE_IDENTIFIER = com.credera.Shapes;
				PRODUCT_NAME = "$(TARGET_NAME)";
				SWIFT_SWIFT3_OBJC_INFERENCE = Default;
				SWIFT_VERSION = 4.0;
			};
			name = Release;
		};
		591852BA1EA10F4800424619 /* Debug */ = {
			isa = XCBuildConfiguration;
			baseConfigurationReference = 892B7B38848C02F925891640 /* Pods-ShapesTests.debug.xcconfig */;
			buildSettings = {
				ALWAYS_EMBED_SWIFT_STANDARD_LIBRARIES = YES;
				BUNDLE_LOADER = "$(TEST_HOST)";
				DEVELOPMENT_TEAM = HPYS5PBF55;
				INFOPLIST_FILE = ShapesTests/Info.plist;
				LD_RUNPATH_SEARCH_PATHS = "$(inherited) @executable_path/Frameworks @loader_path/Frameworks";
				PRODUCT_BUNDLE_IDENTIFIER = com.credera.ShapesTests;
				PRODUCT_NAME = "$(TARGET_NAME)";
				SWIFT_SWIFT3_OBJC_INFERENCE = On;
				SWIFT_VERSION = 4.0;
				TEST_HOST = "$(BUILT_PRODUCTS_DIR)/Shapes.app/Shapes";
			};
			name = Debug;
		};
		591852BB1EA10F4800424619 /* Release */ = {
			isa = XCBuildConfiguration;
			baseConfigurationReference = F6D6E70EDE2B53EFBA838705 /* Pods-ShapesTests.release.xcconfig */;
			buildSettings = {
				ALWAYS_EMBED_SWIFT_STANDARD_LIBRARIES = YES;
				BUNDLE_LOADER = "$(TEST_HOST)";
				DEVELOPMENT_TEAM = HPYS5PBF55;
				INFOPLIST_FILE = ShapesTests/Info.plist;
				LD_RUNPATH_SEARCH_PATHS = "$(inherited) @executable_path/Frameworks @loader_path/Frameworks";
				PRODUCT_BUNDLE_IDENTIFIER = com.credera.ShapesTests;
				PRODUCT_NAME = "$(TARGET_NAME)";
				SWIFT_SWIFT3_OBJC_INFERENCE = On;
				SWIFT_VERSION = 4.0;
				TEST_HOST = "$(BUILT_PRODUCTS_DIR)/Shapes.app/Shapes";
			};
			name = Release;
		};
		591852BD1EA10F4800424619 /* Debug */ = {
			isa = XCBuildConfiguration;
			baseConfigurationReference = 54F7613A84DB7F23F4624EE4 /* Pods-ShapesUITests.debug.xcconfig */;
			buildSettings = {
				ALWAYS_EMBED_SWIFT_STANDARD_LIBRARIES = YES;
				DEVELOPMENT_TEAM = HPYS5PBF55;
				INFOPLIST_FILE = ShapesUITests/Info.plist;
				LD_RUNPATH_SEARCH_PATHS = "$(inherited) @executable_path/Frameworks @loader_path/Frameworks";
				PRODUCT_BUNDLE_IDENTIFIER = com.credera.ShapesUITests;
				PRODUCT_NAME = "$(TARGET_NAME)";
				SWIFT_SWIFT3_OBJC_INFERENCE = On;
				SWIFT_VERSION = 4.0;
				TEST_TARGET_NAME = Shapes;
			};
			name = Debug;
		};
		591852BE1EA10F4800424619 /* Release */ = {
			isa = XCBuildConfiguration;
			baseConfigurationReference = 9A8A8F8701663C286A06A9D4 /* Pods-ShapesUITests.release.xcconfig */;
			buildSettings = {
				ALWAYS_EMBED_SWIFT_STANDARD_LIBRARIES = YES;
				DEVELOPMENT_TEAM = HPYS5PBF55;
				INFOPLIST_FILE = ShapesUITests/Info.plist;
				LD_RUNPATH_SEARCH_PATHS = "$(inherited) @executable_path/Frameworks @loader_path/Frameworks";
				PRODUCT_BUNDLE_IDENTIFIER = com.credera.ShapesUITests;
				PRODUCT_NAME = "$(TARGET_NAME)";
				SWIFT_SWIFT3_OBJC_INFERENCE = On;
				SWIFT_VERSION = 4.0;
				TEST_TARGET_NAME = Shapes;
			};
			name = Release;
		};
		59B4918C1EA6745000932A5C /* Analyze */ = {
			isa = XCBuildConfiguration;
			buildSettings = {
				ALWAYS_SEARCH_USER_PATHS = NO;
				CLANG_ANALYZER_NONNULL = YES;
				CLANG_ANALYZER_NUMBER_OBJECT_CONVERSION = YES_AGGRESSIVE;
				CLANG_CXX_LANGUAGE_STANDARD = "gnu++0x";
				CLANG_CXX_LIBRARY = "libc++";
				CLANG_ENABLE_MODULES = YES;
				CLANG_ENABLE_OBJC_ARC = YES;
				CLANG_WARN_BLOCK_CAPTURE_AUTORELEASING = YES;
				CLANG_WARN_BOOL_CONVERSION = YES;
				CLANG_WARN_COMMA = YES;
				CLANG_WARN_CONSTANT_CONVERSION = YES;
				CLANG_WARN_DIRECT_OBJC_ISA_USAGE = YES_ERROR;
				CLANG_WARN_DOCUMENTATION_COMMENTS = YES;
				CLANG_WARN_EMPTY_BODY = YES;
				CLANG_WARN_ENUM_CONVERSION = YES;
				CLANG_WARN_INFINITE_RECURSION = YES;
				CLANG_WARN_INT_CONVERSION = YES;
				CLANG_WARN_NON_LITERAL_NULL_CONVERSION = YES;
				CLANG_WARN_OBJC_LITERAL_CONVERSION = YES;
				CLANG_WARN_OBJC_ROOT_CLASS = YES_ERROR;
				CLANG_WARN_RANGE_LOOP_ANALYSIS = YES;
				CLANG_WARN_STRICT_PROTOTYPES = YES;
				CLANG_WARN_SUSPICIOUS_MOVE = YES;
				CLANG_WARN_UNREACHABLE_CODE = YES;
				CLANG_WARN__DUPLICATE_METHOD_MATCH = YES;
				"CODE_SIGN_IDENTITY[sdk=iphoneos*]" = "iPhone Developer";
				COPY_PHASE_STRIP = NO;
				DEBUG_INFORMATION_FORMAT = dwarf;
				ENABLE_STRICT_OBJC_MSGSEND = YES;
				ENABLE_TESTABILITY = YES;
				GCC_C_LANGUAGE_STANDARD = gnu99;
				GCC_DYNAMIC_NO_PIC = NO;
				GCC_NO_COMMON_BLOCKS = YES;
				GCC_OPTIMIZATION_LEVEL = 0;
				GCC_PREPROCESSOR_DEFINITIONS = (
					"DEBUG=1",
					"$(inherited)",
				);
				GCC_WARN_64_TO_32_BIT_CONVERSION = YES;
				GCC_WARN_ABOUT_RETURN_TYPE = YES_ERROR;
				GCC_WARN_UNDECLARED_SELECTOR = YES;
				GCC_WARN_UNINITIALIZED_AUTOS = YES_AGGRESSIVE;
				GCC_WARN_UNUSED_FUNCTION = YES;
				GCC_WARN_UNUSED_VARIABLE = YES;
				IPHONEOS_DEPLOYMENT_TARGET = 10.3;
				MTL_ENABLE_DEBUG_INFO = YES;
				ONLY_ACTIVE_ARCH = YES;
				SDKROOT = iphoneos;
				SWIFT_ACTIVE_COMPILATION_CONDITIONS = DEBUG;
				SWIFT_OPTIMIZATION_LEVEL = "-Onone";
			};
			name = Analyze;
		};
		59B4918D1EA6745000932A5C /* Analyze */ = {
			isa = XCBuildConfiguration;
			baseConfigurationReference = 42CB82B1D3F65AFBC12D3998 /* Pods-Shapes.analyze.xcconfig */;
			buildSettings = {
				ASSETCATALOG_COMPILER_APPICON_NAME = AppIcon;
				DEVELOPMENT_TEAM = HPYS5PBF55;
				INFOPLIST_FILE = Shapes/App/Info.plist;
				LD_RUNPATH_SEARCH_PATHS = "$(inherited) @executable_path/Frameworks";
				PRODUCT_BUNDLE_IDENTIFIER = com.credera.Shapes;
				PRODUCT_NAME = "$(TARGET_NAME)";
				SWIFT_SWIFT3_OBJC_INFERENCE = Default;
				SWIFT_VERSION = 4.0;
			};
			name = Analyze;
		};
		59B4918E1EA6745000932A5C /* Analyze */ = {
			isa = XCBuildConfiguration;
			baseConfigurationReference = 8DCB9AE8B4EF34D254F24F1A /* Pods-ShapesTests.analyze.xcconfig */;
			buildSettings = {
				ALWAYS_EMBED_SWIFT_STANDARD_LIBRARIES = YES;
				BUNDLE_LOADER = "$(TEST_HOST)";
				DEVELOPMENT_TEAM = HPYS5PBF55;
				INFOPLIST_FILE = ShapesTests/Info.plist;
				LD_RUNPATH_SEARCH_PATHS = "$(inherited) @executable_path/Frameworks @loader_path/Frameworks";
				PRODUCT_BUNDLE_IDENTIFIER = com.credera.ShapesTests;
				PRODUCT_NAME = "$(TARGET_NAME)";
				SWIFT_SWIFT3_OBJC_INFERENCE = On;
				SWIFT_VERSION = 4.0;
				TEST_HOST = "$(BUILT_PRODUCTS_DIR)/Shapes.app/Shapes";
			};
			name = Analyze;
		};
		59B4918F1EA6745000932A5C /* Analyze */ = {
			isa = XCBuildConfiguration;
			baseConfigurationReference = F18D4AB3093CFD61A093C0E4 /* Pods-ShapesUITests.analyze.xcconfig */;
			buildSettings = {
				ALWAYS_EMBED_SWIFT_STANDARD_LIBRARIES = YES;
				DEVELOPMENT_TEAM = HPYS5PBF55;
				INFOPLIST_FILE = ShapesUITests/Info.plist;
				LD_RUNPATH_SEARCH_PATHS = "$(inherited) @executable_path/Frameworks @loader_path/Frameworks";
				PRODUCT_BUNDLE_IDENTIFIER = com.credera.ShapesUITests;
				PRODUCT_NAME = "$(TARGET_NAME)";
				SWIFT_SWIFT3_OBJC_INFERENCE = On;
				SWIFT_VERSION = 4.0;
				TEST_TARGET_NAME = Shapes;
			};
			name = Analyze;
		};
/* End XCBuildConfiguration section */

/* Begin XCConfigurationList section */
		591852871EA10F4800424619 /* Build configuration list for PBXProject "Shapes" */ = {
			isa = XCConfigurationList;
			buildConfigurations = (
				591852B41EA10F4800424619 /* Debug */,
				59B4918C1EA6745000932A5C /* Analyze */,
				591852B51EA10F4800424619 /* Release */,
			);
			defaultConfigurationIsVisible = 0;
			defaultConfigurationName = Release;
		};
		591852B61EA10F4800424619 /* Build configuration list for PBXNativeTarget "Shapes" */ = {
			isa = XCConfigurationList;
			buildConfigurations = (
				591852B71EA10F4800424619 /* Debug */,
				59B4918D1EA6745000932A5C /* Analyze */,
				591852B81EA10F4800424619 /* Release */,
			);
			defaultConfigurationIsVisible = 0;
			defaultConfigurationName = Release;
		};
		591852B91EA10F4800424619 /* Build configuration list for PBXNativeTarget "ShapesTests" */ = {
			isa = XCConfigurationList;
			buildConfigurations = (
				591852BA1EA10F4800424619 /* Debug */,
				59B4918E1EA6745000932A5C /* Analyze */,
				591852BB1EA10F4800424619 /* Release */,
			);
			defaultConfigurationIsVisible = 0;
			defaultConfigurationName = Release;
		};
		591852BC1EA10F4800424619 /* Build configuration list for PBXNativeTarget "ShapesUITests" */ = {
			isa = XCConfigurationList;
			buildConfigurations = (
				591852BD1EA10F4800424619 /* Debug */,
				59B4918F1EA6745000932A5C /* Analyze */,
				591852BE1EA10F4800424619 /* Release */,
			);
			defaultConfigurationIsVisible = 0;
			defaultConfigurationName = Release;
		};
/* End XCConfigurationList section */
	};
	rootObject = 591852841EA10F4800424619 /* Project object */;
}
