// !$*UTF8*$!
{
	archiveVersion = 1;
	classes = {
	};
	objectVersion = 46;
	objects = {

/* Begin PBXBuildFile section */
		23EF34E5483D065589A64C28 /* Pods_ShapesUITests.framework in Frameworks */ = {isa = PBXBuildFile; fileRef = A350A36970C694FABD769130 /* Pods_ShapesUITests.framework */; };
		591804DF1EA16ED200310104 /* Constants_APIs.swift in Sources */ = {isa = PBXBuildFile; fileRef = 591804DE1EA16ED200310104 /* Constants_APIs.swift */; };
		591804E21EA1742C00310104 /* AccountLoginEndpoints.swift in Sources */ = {isa = PBXBuildFile; fileRef = 591804E11EA1742C00310104 /* AccountLoginEndpoints.swift */; };
		591804E61EA174CE00310104 /* Account.swift in Sources */ = {isa = PBXBuildFile; fileRef = 591804E51EA174CE00310104 /* Account.swift */; };
		591804E81EA1753200310104 /* Address.swift in Sources */ = {isa = PBXBuildFile; fileRef = 591804E71EA1753200310104 /* Address.swift */; };
		591804EA1EA1784A00310104 /* Constants_Errors.swift in Sources */ = {isa = PBXBuildFile; fileRef = 591804E91EA1784A00310104 /* Constants_Errors.swift */; };
		591804ED1EA17DF500310104 /* DateFormatter.swift in Sources */ = {isa = PBXBuildFile; fileRef = 591804EC1EA17DF500310104 /* DateFormatter.swift */; };
		591852901EA10F4800424619 /* AppDelegate.swift in Sources */ = {isa = PBXBuildFile; fileRef = 5918528F1EA10F4800424619 /* AppDelegate.swift */; };
		591852971EA10F4800424619 /* Main.storyboard in Resources */ = {isa = PBXBuildFile; fileRef = 591852951EA10F4800424619 /* Main.storyboard */; };
		591852991EA10F4800424619 /* Assets.xcassets in Resources */ = {isa = PBXBuildFile; fileRef = 591852981EA10F4800424619 /* Assets.xcassets */; };
		5918529C1EA10F4800424619 /* LaunchScreen.storyboard in Resources */ = {isa = PBXBuildFile; fileRef = 5918529A1EA10F4800424619 /* LaunchScreen.storyboard */; };
		591852A71EA10F4800424619 /* ShapesTests.swift in Sources */ = {isa = PBXBuildFile; fileRef = 591852A61EA10F4800424619 /* ShapesTests.swift */; };
		591852B21EA10F4800424619 /* ShapesUITests.swift in Sources */ = {isa = PBXBuildFile; fileRef = 591852B11EA10F4800424619 /* ShapesUITests.swift */; };
		591852C21EA12FF200424619 /* MainTabBarViewController.swift in Sources */ = {isa = PBXBuildFile; fileRef = 591852C11EA12FF200424619 /* MainTabBarViewController.swift */; };
		591852C51EA130DB00424619 /* Constants.swift in Sources */ = {isa = PBXBuildFile; fileRef = 591852C41EA130DB00424619 /* Constants.swift */; };
		591852C91EA1345400424619 /* Home.storyboard in Resources */ = {isa = PBXBuildFile; fileRef = 591852C81EA1345400424619 /* Home.storyboard */; };
		591852CB1EA1345F00424619 /* Explore.storyboard in Resources */ = {isa = PBXBuildFile; fileRef = 591852CA1EA1345F00424619 /* Explore.storyboard */; };
		591852CD1EA1348300424619 /* HomeViewController.swift in Sources */ = {isa = PBXBuildFile; fileRef = 591852CC1EA1348300424619 /* HomeViewController.swift */; };
		591852CF1EA1348E00424619 /* ExploreViewController.swift in Sources */ = {isa = PBXBuildFile; fileRef = 591852CE1EA1348E00424619 /* ExploreViewController.swift */; };
		9DBA60FCE8A39AC9037D62AE /* Pods_ShapesTests.framework in Frameworks */ = {isa = PBXBuildFile; fileRef = 4CAC5EAFCC4B443D7A17EE47 /* Pods_ShapesTests.framework */; };
		FD0530044E7B78A8AB19E8DC /* Pods_Shapes.framework in Frameworks */ = {isa = PBXBuildFile; fileRef = 387E50C67B4D36AFFCC7406E /* Pods_Shapes.framework */; };
/* End PBXBuildFile section */

/* Begin PBXContainerItemProxy section */
		591852A31EA10F4800424619 /* PBXContainerItemProxy */ = {
			isa = PBXContainerItemProxy;
			containerPortal = 591852841EA10F4800424619 /* Project object */;
			proxyType = 1;
			remoteGlobalIDString = 5918528B1EA10F4800424619;
			remoteInfo = Shapes;
		};
		591852AE1EA10F4800424619 /* PBXContainerItemProxy */ = {
			isa = PBXContainerItemProxy;
			containerPortal = 591852841EA10F4800424619 /* Project object */;
			proxyType = 1;
			remoteGlobalIDString = 5918528B1EA10F4800424619;
			remoteInfo = Shapes;
		};
/* End PBXContainerItemProxy section */

/* Begin PBXFileReference section */
		387E50C67B4D36AFFCC7406E /* Pods_Shapes.framework */ = {isa = PBXFileReference; explicitFileType = wrapper.framework; includeInIndex = 0; path = Pods_Shapes.framework; sourceTree = BUILT_PRODUCTS_DIR; };
		3ACE682EEF4A0D0434AE0887 /* Pods-Shapes.release.xcconfig */ = {isa = PBXFileReference; includeInIndex = 1; lastKnownFileType = text.xcconfig; name = "Pods-Shapes.release.xcconfig"; path = "Pods/Target Support Files/Pods-Shapes/Pods-Shapes.release.xcconfig"; sourceTree = "<group>"; };
		4CAC5EAFCC4B443D7A17EE47 /* Pods_ShapesTests.framework */ = {isa = PBXFileReference; explicitFileType = wrapper.framework; includeInIndex = 0; path = Pods_ShapesTests.framework; sourceTree = BUILT_PRODUCTS_DIR; };
		54F7613A84DB7F23F4624EE4 /* Pods-ShapesUITests.debug.xcconfig */ = {isa = PBXFileReference; includeInIndex = 1; lastKnownFileType = text.xcconfig; name = "Pods-ShapesUITests.debug.xcconfig"; path = "Pods/Target Support Files/Pods-ShapesUITests/Pods-ShapesUITests.debug.xcconfig"; sourceTree = "<group>"; };
		591804DE1EA16ED200310104 /* Constants_APIs.swift */ = {isa = PBXFileReference; fileEncoding = 4; lastKnownFileType = sourcecode.swift; path = Constants_APIs.swift; sourceTree = "<group>"; };
		591804E11EA1742C00310104 /* AccountLoginEndpoints.swift */ = {isa = PBXFileReference; fileEncoding = 4; lastKnownFileType = sourcecode.swift; path = AccountLoginEndpoints.swift; sourceTree = "<group>"; };
		591804E51EA174CE00310104 /* Account.swift */ = {isa = PBXFileReference; fileEncoding = 4; lastKnownFileType = sourcecode.swift; path = Account.swift; sourceTree = "<group>"; };
		591804E71EA1753200310104 /* Address.swift */ = {isa = PBXFileReference; fileEncoding = 4; lastKnownFileType = sourcecode.swift; path = Address.swift; sourceTree = "<group>"; };
		591804E91EA1784A00310104 /* Constants_Errors.swift */ = {isa = PBXFileReference; fileEncoding = 4; lastKnownFileType = sourcecode.swift; path = Constants_Errors.swift; sourceTree = "<group>"; };
		591804EC1EA17DF500310104 /* DateFormatter.swift */ = {isa = PBXFileReference; fileEncoding = 4; lastKnownFileType = sourcecode.swift; path = DateFormatter.swift; sourceTree = "<group>"; };
		5918528C1EA10F4800424619 /* Shapes.app */ = {isa = PBXFileReference; explicitFileType = wrapper.application; includeInIndex = 0; path = Shapes.app; sourceTree = BUILT_PRODUCTS_DIR; };
		5918528F1EA10F4800424619 /* AppDelegate.swift */ = {isa = PBXFileReference; lastKnownFileType = sourcecode.swift; path = AppDelegate.swift; sourceTree = "<group>"; };
		591852961EA10F4800424619 /* Base */ = {isa = PBXFileReference; lastKnownFileType = file.storyboard; name = Base; path = Base.lproj/Main.storyboard; sourceTree = "<group>"; };
		591852981EA10F4800424619 /* Assets.xcassets */ = {isa = PBXFileReference; lastKnownFileType = folder.assetcatalog; path = Assets.xcassets; sourceTree = "<group>"; };
		5918529B1EA10F4800424619 /* Base */ = {isa = PBXFileReference; lastKnownFileType = file.storyboard; name = Base; path = Base.lproj/LaunchScreen.storyboard; sourceTree = "<group>"; };
		5918529D1EA10F4800424619 /* Info.plist */ = {isa = PBXFileReference; lastKnownFileType = text.plist.xml; path = Info.plist; sourceTree = "<group>"; };
		591852A21EA10F4800424619 /* ShapesTests.xctest */ = {isa = PBXFileReference; explicitFileType = wrapper.cfbundle; includeInIndex = 0; path = ShapesTests.xctest; sourceTree = BUILT_PRODUCTS_DIR; };
		591852A61EA10F4800424619 /* ShapesTests.swift */ = {isa = PBXFileReference; lastKnownFileType = sourcecode.swift; path = ShapesTests.swift; sourceTree = "<group>"; };
		591852A81EA10F4800424619 /* Info.plist */ = {isa = PBXFileReference; lastKnownFileType = text.plist.xml; path = Info.plist; sourceTree = "<group>"; };
		591852AD1EA10F4800424619 /* ShapesUITests.xctest */ = {isa = PBXFileReference; explicitFileType = wrapper.cfbundle; includeInIndex = 0; path = ShapesUITests.xctest; sourceTree = BUILT_PRODUCTS_DIR; };
		591852B11EA10F4800424619 /* ShapesUITests.swift */ = {isa = PBXFileReference; lastKnownFileType = sourcecode.swift; path = ShapesUITests.swift; sourceTree = "<group>"; };
		591852B31EA10F4800424619 /* Info.plist */ = {isa = PBXFileReference; lastKnownFileType = text.plist.xml; path = Info.plist; sourceTree = "<group>"; };
		591852C11EA12FF200424619 /* MainTabBarViewController.swift */ = {isa = PBXFileReference; fileEncoding = 4; lastKnownFileType = sourcecode.swift; path = MainTabBarViewController.swift; sourceTree = "<group>"; };
		591852C41EA130DB00424619 /* Constants.swift */ = {isa = PBXFileReference; fileEncoding = 4; lastKnownFileType = sourcecode.swift; path = Constants.swift; sourceTree = "<group>"; };
		591852C81EA1345400424619 /* Home.storyboard */ = {isa = PBXFileReference; fileEncoding = 4; lastKnownFileType = file.storyboard; path = Home.storyboard; sourceTree = "<group>"; };
		591852CA1EA1345F00424619 /* Explore.storyboard */ = {isa = PBXFileReference; fileEncoding = 4; lastKnownFileType = file.storyboard; path = Explore.storyboard; sourceTree = "<group>"; };
		591852CC1EA1348300424619 /* HomeViewController.swift */ = {isa = PBXFileReference; fileEncoding = 4; lastKnownFileType = sourcecode.swift; path = HomeViewController.swift; sourceTree = "<group>"; };
		591852CE1EA1348E00424619 /* ExploreViewController.swift */ = {isa = PBXFileReference; fileEncoding = 4; lastKnownFileType = sourcecode.swift; path = ExploreViewController.swift; sourceTree = "<group>"; };
		892B7B38848C02F925891640 /* Pods-ShapesTests.debug.xcconfig */ = {isa = PBXFileReference; includeInIndex = 1; lastKnownFileType = text.xcconfig; name = "Pods-ShapesTests.debug.xcconfig"; path = "Pods/Target Support Files/Pods-ShapesTests/Pods-ShapesTests.debug.xcconfig"; sourceTree = "<group>"; };
		9A8A8F8701663C286A06A9D4 /* Pods-ShapesUITests.release.xcconfig */ = {isa = PBXFileReference; includeInIndex = 1; lastKnownFileType = text.xcconfig; name = "Pods-ShapesUITests.release.xcconfig"; path = "Pods/Target Support Files/Pods-ShapesUITests/Pods-ShapesUITests.release.xcconfig"; sourceTree = "<group>"; };
		A350A36970C694FABD769130 /* Pods_ShapesUITests.framework */ = {isa = PBXFileReference; explicitFileType = wrapper.framework; includeInIndex = 0; path = Pods_ShapesUITests.framework; sourceTree = BUILT_PRODUCTS_DIR; };
		C01165880634DC52A8E0E522 /* Pods-Shapes.debug.xcconfig */ = {isa = PBXFileReference; includeInIndex = 1; lastKnownFileType = text.xcconfig; name = "Pods-Shapes.debug.xcconfig"; path = "Pods/Target Support Files/Pods-Shapes/Pods-Shapes.debug.xcconfig"; sourceTree = "<group>"; };
		F6D6E70EDE2B53EFBA838705 /* Pods-ShapesTests.release.xcconfig */ = {isa = PBXFileReference; includeInIndex = 1; lastKnownFileType = text.xcconfig; name = "Pods-ShapesTests.release.xcconfig"; path = "Pods/Target Support Files/Pods-ShapesTests/Pods-ShapesTests.release.xcconfig"; sourceTree = "<group>"; };
/* End PBXFileReference section */

/* Begin PBXFrameworksBuildPhase section */
		591852891EA10F4800424619 /* Frameworks */ = {
			isa = PBXFrameworksBuildPhase;
			buildActionMask = 2147483647;
			files = (
				FD0530044E7B78A8AB19E8DC /* Pods_Shapes.framework in Frameworks */,
			);
			runOnlyForDeploymentPostprocessing = 0;
		};
		5918529F1EA10F4800424619 /* Frameworks */ = {
			isa = PBXFrameworksBuildPhase;
			buildActionMask = 2147483647;
			files = (
				9DBA60FCE8A39AC9037D62AE /* Pods_ShapesTests.framework in Frameworks */,
			);
			runOnlyForDeploymentPostprocessing = 0;
		};
		591852AA1EA10F4800424619 /* Frameworks */ = {
			isa = PBXFrameworksBuildPhase;
			buildActionMask = 2147483647;
			files = (
				23EF34E5483D065589A64C28 /* Pods_ShapesUITests.framework in Frameworks */,
			);
			runOnlyForDeploymentPostprocessing = 0;
		};
/* End PBXFrameworksBuildPhase section */

/* Begin PBXGroup section */
		591804E01EA1740C00310104 /* Account */ = {
			isa = PBXGroup;
			children = (
				591804E11EA1742C00310104 /* AccountLoginEndpoints.swift */,
			);
			name = Account;
			sourceTree = "<group>";
		};
		591804E31EA174B900310104 /* Models */ = {
			isa = PBXGroup;
			children = (
				591804E41EA174C300310104 /* Account */,
			);
			name = Models;
			sourceTree = "<group>";
		};
		591804E41EA174C300310104 /* Account */ = {
			isa = PBXGroup;
			children = (
				59B4918B1EA276E400932A5C /* Components */,
				591804E51EA174CE00310104 /* Account.swift */,
			);
			name = Account;
			sourceTree = "<group>";
		};
		591804EB1EA17DE500310104 /* Extensions */ = {
			isa = PBXGroup;
			children = (
				591804EC1EA17DF500310104 /* DateFormatter.swift */,
			);
			name = Extensions;
			sourceTree = "<group>";
		};
		591852831EA10F4800424619 = {
			isa = PBXGroup;
			children = (
				5918528E1EA10F4800424619 /* Shapes */,
				591852A51EA10F4800424619 /* ShapesTests */,
				591852B01EA10F4800424619 /* ShapesUITests */,
				5918528D1EA10F4800424619 /* Products */,
				BE297BBC8EB6EE9C2AC8F070 /* Pods */,
				802F7618047DF793C3F0CA58 /* Frameworks */,
			);
			sourceTree = "<group>";
		};
		5918528D1EA10F4800424619 /* Products */ = {
			isa = PBXGroup;
			children = (
				5918528C1EA10F4800424619 /* Shapes.app */,
				591852A21EA10F4800424619 /* ShapesTests.xctest */,
				591852AD1EA10F4800424619 /* ShapesUITests.xctest */,
			);
			name = Products;
			sourceTree = "<group>";
		};
		5918528E1EA10F4800424619 /* Shapes */ = {
			isa = PBXGroup;
			children = (
				5918528F1EA10F4800424619 /* AppDelegate.swift */,
				591852C31EA130BB00424619 /* Constants */,
				591804EB1EA17DE500310104 /* Extensions */,
				591852D11EA136AA00424619 /* Resources */,
				591852BF1EA12F0D00424619 /* Storyboard */,
				591804E31EA174B900310104 /* Models */,
				591852D01EA1358500424619 /* APIs */,
				5918529D1EA10F4800424619 /* Info.plist */,
			);
			path = Shapes;
			sourceTree = "<group>";
		};
		591852A51EA10F4800424619 /* ShapesTests */ = {
			isa = PBXGroup;
			children = (
				591852A61EA10F4800424619 /* ShapesTests.swift */,
				591852A81EA10F4800424619 /* Info.plist */,
			);
			path = ShapesTests;
			sourceTree = "<group>";
		};
		591852B01EA10F4800424619 /* ShapesUITests */ = {
			isa = PBXGroup;
			children = (
				591852B11EA10F4800424619 /* ShapesUITests.swift */,
				591852B31EA10F4800424619 /* Info.plist */,
			);
			path = ShapesUITests;
			sourceTree = "<group>";
		};
		591852BF1EA12F0D00424619 /* Storyboard */ = {
			isa = PBXGroup;
			children = (
				59DA2FB21EA138A100174266 /* LaunchScreen */,
				591852C01EA12F2D00424619 /* Main */,
				591852C61EA1326A00424619 /* Home */,
				591852C71EA1327600424619 /* Explore */,
			);
			name = Storyboard;
			sourceTree = "<group>";
		};
		591852C01EA12F2D00424619 /* Main */ = {
			isa = PBXGroup;
			children = (
				591852951EA10F4800424619 /* Main.storyboard */,
				591852C11EA12FF200424619 /* MainTabBarViewController.swift */,
			);
			name = Main;
			sourceTree = "<group>";
		};
		591852C31EA130BB00424619 /* Constants */ = {
			isa = PBXGroup;
			children = (
				591852C41EA130DB00424619 /* Constants.swift */,
				591804DE1EA16ED200310104 /* Constants_APIs.swift */,
				591804E91EA1784A00310104 /* Constants_Errors.swift */,
			);
			name = Constants;
			sourceTree = "<group>";
		};
		591852C61EA1326A00424619 /* Home */ = {
			isa = PBXGroup;
			children = (
				591852C81EA1345400424619 /* Home.storyboard */,
				591852CC1EA1348300424619 /* HomeViewController.swift */,
			);
			name = Home;
			sourceTree = "<group>";
		};
		591852C71EA1327600424619 /* Explore */ = {
			isa = PBXGroup;
			children = (
				591852CA1EA1345F00424619 /* Explore.storyboard */,
				591852CE1EA1348E00424619 /* ExploreViewController.swift */,
			);
			name = Explore;
			sourceTree = "<group>";
		};
		591852D01EA1358500424619 /* APIs */ = {
			isa = PBXGroup;
			children = (
				591804E01EA1740C00310104 /* Account */,
			);
			name = APIs;
			sourceTree = "<group>";
		};
		591852D11EA136AA00424619 /* Resources */ = {
			isa = PBXGroup;
			children = (
				591852981EA10F4800424619 /* Assets.xcassets */,
			);
			name = Resources;
			sourceTree = "<group>";
		};
		59B4918B1EA276E400932A5C /* Components */ = {
			isa = PBXGroup;
			children = (
				591804E71EA1753200310104 /* Address.swift */,
			);
			name = Components;
			sourceTree = "<group>";
		};
		59DA2FB21EA138A100174266 /* LaunchScreen */ = {
			isa = PBXGroup;
			children = (
				5918529A1EA10F4800424619 /* LaunchScreen.storyboard */,
			);
			name = LaunchScreen;
			sourceTree = "<group>";
		};
		802F7618047DF793C3F0CA58 /* Frameworks */ = {
			isa = PBXGroup;
			children = (
				387E50C67B4D36AFFCC7406E /* Pods_Shapes.framework */,
				4CAC5EAFCC4B443D7A17EE47 /* Pods_ShapesTests.framework */,
				A350A36970C694FABD769130 /* Pods_ShapesUITests.framework */,
			);
			name = Frameworks;
			sourceTree = "<group>";
		};
		BE297BBC8EB6EE9C2AC8F070 /* Pods */ = {
			isa = PBXGroup;
			children = (
				C01165880634DC52A8E0E522 /* Pods-Shapes.debug.xcconfig */,
				3ACE682EEF4A0D0434AE0887 /* Pods-Shapes.release.xcconfig */,
				892B7B38848C02F925891640 /* Pods-ShapesTests.debug.xcconfig */,
				F6D6E70EDE2B53EFBA838705 /* Pods-ShapesTests.release.xcconfig */,
				54F7613A84DB7F23F4624EE4 /* Pods-ShapesUITests.debug.xcconfig */,
				9A8A8F8701663C286A06A9D4 /* Pods-ShapesUITests.release.xcconfig */,
			);
			name = Pods;
			sourceTree = "<group>";
		};
/* End PBXGroup section */

/* Begin PBXNativeTarget section */
		5918528B1EA10F4800424619 /* Shapes */ = {
			isa = PBXNativeTarget;
			buildConfigurationList = 591852B61EA10F4800424619 /* Build configuration list for PBXNativeTarget "Shapes" */;
			buildPhases = (
				BBD3F772646C84A6B097A192 /* [CP] Check Pods Manifest.lock */,
				591852881EA10F4800424619 /* Sources */,
				591852891EA10F4800424619 /* Frameworks */,
				5918528A1EA10F4800424619 /* Resources */,
				9FC6D50E91F37CF7F4B3672D /* [CP] Embed Pods Frameworks */,
				C06D9B6A2A4DBCDB5E34B8D9 /* [CP] Copy Pods Resources */,
			);
			buildRules = (
			);
			dependencies = (
			);
			name = Shapes;
			productName = Shapes;
			productReference = 5918528C1EA10F4800424619 /* Shapes.app */;
			productType = "com.apple.product-type.application";
		};
		591852A11EA10F4800424619 /* ShapesTests */ = {
			isa = PBXNativeTarget;
			buildConfigurationList = 591852B91EA10F4800424619 /* Build configuration list for PBXNativeTarget "ShapesTests" */;
			buildPhases = (
				9D665753B8E2EDE44A8849BA /* [CP] Check Pods Manifest.lock */,
				5918529E1EA10F4800424619 /* Sources */,
				5918529F1EA10F4800424619 /* Frameworks */,
				591852A01EA10F4800424619 /* Resources */,
				74BCA75F655DA84A8E299947 /* [CP] Embed Pods Frameworks */,
				86CF08DAA3407D9B3390969D /* [CP] Copy Pods Resources */,
			);
			buildRules = (
			);
			dependencies = (
				591852A41EA10F4800424619 /* PBXTargetDependency */,
			);
			name = ShapesTests;
			productName = ShapesTests;
			productReference = 591852A21EA10F4800424619 /* ShapesTests.xctest */;
			productType = "com.apple.product-type.bundle.unit-test";
		};
		591852AC1EA10F4800424619 /* ShapesUITests */ = {
			isa = PBXNativeTarget;
			buildConfigurationList = 591852BC1EA10F4800424619 /* Build configuration list for PBXNativeTarget "ShapesUITests" */;
			buildPhases = (
				0F754E76AF29C8E16ED8C956 /* [CP] Check Pods Manifest.lock */,
				591852A91EA10F4800424619 /* Sources */,
				591852AA1EA10F4800424619 /* Frameworks */,
				591852AB1EA10F4800424619 /* Resources */,
				53F83E322D26FD9074811584 /* [CP] Embed Pods Frameworks */,
				C251BCE70C80D04464944A78 /* [CP] Copy Pods Resources */,
			);
			buildRules = (
			);
			dependencies = (
				591852AF1EA10F4800424619 /* PBXTargetDependency */,
			);
			name = ShapesUITests;
			productName = ShapesUITests;
			productReference = 591852AD1EA10F4800424619 /* ShapesUITests.xctest */;
			productType = "com.apple.product-type.bundle.ui-testing";
		};
/* End PBXNativeTarget section */

/* Begin PBXProject section */
		591852841EA10F4800424619 /* Project object */ = {
			isa = PBXProject;
			attributes = {
				LastSwiftUpdateCheck = 0830;
				LastUpgradeCheck = 0830;
				ORGANIZATIONNAME = Credera;
				TargetAttributes = {
					5918528B1EA10F4800424619 = {
						CreatedOnToolsVersion = 8.3;
						DevelopmentTeam = HPYS5PBF55;
						ProvisioningStyle = Automatic;
					};
					591852A11EA10F4800424619 = {
						CreatedOnToolsVersion = 8.3;
						DevelopmentTeam = HPYS5PBF55;
						ProvisioningStyle = Automatic;
						TestTargetID = 5918528B1EA10F4800424619;
					};
					591852AC1EA10F4800424619 = {
						CreatedOnToolsVersion = 8.3;
						DevelopmentTeam = HPYS5PBF55;
						ProvisioningStyle = Automatic;
						TestTargetID = 5918528B1EA10F4800424619;
					};
				};
			};
			buildConfigurationList = 591852871EA10F4800424619 /* Build configuration list for PBXProject "Shapes" */;
			compatibilityVersion = "Xcode 3.2";
			developmentRegion = English;
			hasScannedForEncodings = 0;
			knownRegions = (
				en,
				Base,
			);
			mainGroup = 591852831EA10F4800424619;
			productRefGroup = 5918528D1EA10F4800424619 /* Products */;
			projectDirPath = "";
			projectRoot = "";
			targets = (
				5918528B1EA10F4800424619 /* Shapes */,
				591852A11EA10F4800424619 /* ShapesTests */,
				591852AC1EA10F4800424619 /* ShapesUITests */,
			);
		};
/* End PBXProject section */

/* Begin PBXResourcesBuildPhase section */
		5918528A1EA10F4800424619 /* Resources */ = {
			isa = PBXResourcesBuildPhase;
			buildActionMask = 2147483647;
			files = (
				5918529C1EA10F4800424619 /* LaunchScreen.storyboard in Resources */,
				591852991EA10F4800424619 /* Assets.xcassets in Resources */,
				591852CB1EA1345F00424619 /* Explore.storyboard in Resources */,
				591852971EA10F4800424619 /* Main.storyboard in Resources */,
				591852C91EA1345400424619 /* Home.storyboard in Resources */,
			);
			runOnlyForDeploymentPostprocessing = 0;
		};
		591852A01EA10F4800424619 /* Resources */ = {
			isa = PBXResourcesBuildPhase;
			buildActionMask = 2147483647;
			files = (
			);
			runOnlyForDeploymentPostprocessing = 0;
		};
		591852AB1EA10F4800424619 /* Resources */ = {
			isa = PBXResourcesBuildPhase;
			buildActionMask = 2147483647;
			files = (
			);
			runOnlyForDeploymentPostprocessing = 0;
		};
/* End PBXResourcesBuildPhase section */

/* Begin PBXShellScriptBuildPhase section */
		0F754E76AF29C8E16ED8C956 /* [CP] Check Pods Manifest.lock */ = {
			isa = PBXShellScriptBuildPhase;
			buildActionMask = 2147483647;
			files = (
			);
			inputPaths = (
			);
			name = "[CP] Check Pods Manifest.lock";
			outputPaths = (
			);
			runOnlyForDeploymentPostprocessing = 0;
			shellPath = /bin/sh;
			shellScript = "diff \"${PODS_ROOT}/../Podfile.lock\" \"${PODS_ROOT}/Manifest.lock\" > /dev/null\nif [ $? != 0 ] ; then\n    # print error to STDERR\n    echo \"error: The sandbox is not in sync with the Podfile.lock. Run 'pod install' or update your CocoaPods installation.\" >&2\n    exit 1\nfi\n";
			showEnvVarsInLog = 0;
		};
		53F83E322D26FD9074811584 /* [CP] Embed Pods Frameworks */ = {
			isa = PBXShellScriptBuildPhase;
			buildActionMask = 2147483647;
			files = (
			);
			inputPaths = (
			);
			name = "[CP] Embed Pods Frameworks";
			outputPaths = (
			);
			runOnlyForDeploymentPostprocessing = 0;
			shellPath = /bin/sh;
			shellScript = "\"${SRCROOT}/Pods/Target Support Files/Pods-ShapesUITests/Pods-ShapesUITests-frameworks.sh\"\n";
			showEnvVarsInLog = 0;
		};
		74BCA75F655DA84A8E299947 /* [CP] Embed Pods Frameworks */ = {
			isa = PBXShellScriptBuildPhase;
			buildActionMask = 2147483647;
			files = (
			);
			inputPaths = (
			);
			name = "[CP] Embed Pods Frameworks";
			outputPaths = (
			);
			runOnlyForDeploymentPostprocessing = 0;
			shellPath = /bin/sh;
			shellScript = "\"${SRCROOT}/Pods/Target Support Files/Pods-ShapesTests/Pods-ShapesTests-frameworks.sh\"\n";
			showEnvVarsInLog = 0;
		};
		86CF08DAA3407D9B3390969D /* [CP] Copy Pods Resources */ = {
			isa = PBXShellScriptBuildPhase;
			buildActionMask = 2147483647;
			files = (
			);
			inputPaths = (
			);
			name = "[CP] Copy Pods Resources";
			outputPaths = (
			);
			runOnlyForDeploymentPostprocessing = 0;
			shellPath = /bin/sh;
			shellScript = "\"${SRCROOT}/Pods/Target Support Files/Pods-ShapesTests/Pods-ShapesTests-resources.sh\"\n";
			showEnvVarsInLog = 0;
		};
		9D665753B8E2EDE44A8849BA /* [CP] Check Pods Manifest.lock */ = {
			isa = PBXShellScriptBuildPhase;
			buildActionMask = 2147483647;
			files = (
			);
			inputPaths = (
			);
			name = "[CP] Check Pods Manifest.lock";
			outputPaths = (
			);
			runOnlyForDeploymentPostprocessing = 0;
			shellPath = /bin/sh;
			shellScript = "diff \"${PODS_ROOT}/../Podfile.lock\" \"${PODS_ROOT}/Manifest.lock\" > /dev/null\nif [ $? != 0 ] ; then\n    # print error to STDERR\n    echo \"error: The sandbox is not in sync with the Podfile.lock. Run 'pod install' or update your CocoaPods installation.\" >&2\n    exit 1\nfi\n";
			showEnvVarsInLog = 0;
		};
		9FC6D50E91F37CF7F4B3672D /* [CP] Embed Pods Frameworks */ = {
			isa = PBXShellScriptBuildPhase;
			buildActionMask = 2147483647;
			files = (
			);
			inputPaths = (
			);
			name = "[CP] Embed Pods Frameworks";
			outputPaths = (
			);
			runOnlyForDeploymentPostprocessing = 0;
			shellPath = /bin/sh;
			shellScript = "\"${SRCROOT}/Pods/Target Support Files/Pods-Shapes/Pods-Shapes-frameworks.sh\"\n";
			showEnvVarsInLog = 0;
		};
		BBD3F772646C84A6B097A192 /* [CP] Check Pods Manifest.lock */ = {
			isa = PBXShellScriptBuildPhase;
			buildActionMask = 2147483647;
			files = (
			);
			inputPaths = (
			);
			name = "[CP] Check Pods Manifest.lock";
			outputPaths = (
			);
			runOnlyForDeploymentPostprocessing = 0;
			shellPath = /bin/sh;
			shellScript = "diff \"${PODS_ROOT}/../Podfile.lock\" \"${PODS_ROOT}/Manifest.lock\" > /dev/null\nif [ $? != 0 ] ; then\n    # print error to STDERR\n    echo \"error: The sandbox is not in sync with the Podfile.lock. Run 'pod install' or update your CocoaPods installation.\" >&2\n    exit 1\nfi\n";
			showEnvVarsInLog = 0;
		};
		C06D9B6A2A4DBCDB5E34B8D9 /* [CP] Copy Pods Resources */ = {
			isa = PBXShellScriptBuildPhase;
			buildActionMask = 2147483647;
			files = (
			);
			inputPaths = (
			);
			name = "[CP] Copy Pods Resources";
			outputPaths = (
			);
			runOnlyForDeploymentPostprocessing = 0;
			shellPath = /bin/sh;
			shellScript = "\"${SRCROOT}/Pods/Target Support Files/Pods-Shapes/Pods-Shapes-resources.sh\"\n";
			showEnvVarsInLog = 0;
		};
		C251BCE70C80D04464944A78 /* [CP] Copy Pods Resources */ = {
			isa = PBXShellScriptBuildPhase;
			buildActionMask = 2147483647;
			files = (
			);
			inputPaths = (
			);
			name = "[CP] Copy Pods Resources";
			outputPaths = (
			);
			runOnlyForDeploymentPostprocessing = 0;
			shellPath = /bin/sh;
			shellScript = "\"${SRCROOT}/Pods/Target Support Files/Pods-ShapesUITests/Pods-ShapesUITests-resources.sh\"\n";
			showEnvVarsInLog = 0;
		};
/* End PBXShellScriptBuildPhase section */

/* Begin PBXSourcesBuildPhase section */
		591852881EA10F4800424619 /* Sources */ = {
			isa = PBXSourcesBuildPhase;
			buildActionMask = 2147483647;
			files = (
				591852C51EA130DB00424619 /* Constants.swift in Sources */,
				591804E61EA174CE00310104 /* Account.swift in Sources */,
				591804EA1EA1784A00310104 /* Constants_Errors.swift in Sources */,
				591804E21EA1742C00310104 /* AccountLoginEndpoints.swift in Sources */,
				591852C21EA12FF200424619 /* MainTabBarViewController.swift in Sources */,
				591852901EA10F4800424619 /* AppDelegate.swift in Sources */,
				591804E81EA1753200310104 /* Address.swift in Sources */,
				591852CF1EA1348E00424619 /* ExploreViewController.swift in Sources */,
				591804ED1EA17DF500310104 /* DateFormatter.swift in Sources */,
				591804DF1EA16ED200310104 /* Constants_APIs.swift in Sources */,
				591852CD1EA1348300424619 /* HomeViewController.swift in Sources */,
			);
			runOnlyForDeploymentPostprocessing = 0;
		};
		5918529E1EA10F4800424619 /* Sources */ = {
			isa = PBXSourcesBuildPhase;
			buildActionMask = 2147483647;
			files = (
				591852A71EA10F4800424619 /* ShapesTests.swift in Sources */,
			);
			runOnlyForDeploymentPostprocessing = 0;
		};
		591852A91EA10F4800424619 /* Sources */ = {
			isa = PBXSourcesBuildPhase;
			buildActionMask = 2147483647;
			files = (
				591852B21EA10F4800424619 /* ShapesUITests.swift in Sources */,
			);
			runOnlyForDeploymentPostprocessing = 0;
		};
/* End PBXSourcesBuildPhase section */

/* Begin PBXTargetDependency section */
		591852A41EA10F4800424619 /* PBXTargetDependency */ = {
			isa = PBXTargetDependency;
			target = 5918528B1EA10F4800424619 /* Shapes */;
			targetProxy = 591852A31EA10F4800424619 /* PBXContainerItemProxy */;
		};
		591852AF1EA10F4800424619 /* PBXTargetDependency */ = {
			isa = PBXTargetDependency;
			target = 5918528B1EA10F4800424619 /* Shapes */;
			targetProxy = 591852AE1EA10F4800424619 /* PBXContainerItemProxy */;
		};
/* End PBXTargetDependency section */

/* Begin PBXVariantGroup section */
		591852951EA10F4800424619 /* Main.storyboard */ = {
			isa = PBXVariantGroup;
			children = (
				591852961EA10F4800424619 /* Base */,
			);
			name = Main.storyboard;
			sourceTree = "<group>";
		};
		5918529A1EA10F4800424619 /* LaunchScreen.storyboard */ = {
			isa = PBXVariantGroup;
			children = (
				5918529B1EA10F4800424619 /* Base */,
			);
			name = LaunchScreen.storyboard;
			sourceTree = "<group>";
		};
/* End PBXVariantGroup section */

/* Begin XCBuildConfiguration section */
		591852B41EA10F4800424619 /* Debug */ = {
			isa = XCBuildConfiguration;
			buildSettings = {
				ALWAYS_SEARCH_USER_PATHS = NO;
				CLANG_ANALYZER_NONNULL = YES;
				CLANG_ANALYZER_NUMBER_OBJECT_CONVERSION = YES_AGGRESSIVE;
				CLANG_CXX_LANGUAGE_STANDARD = "gnu++0x";
				CLANG_CXX_LIBRARY = "libc++";
				CLANG_ENABLE_MODULES = YES;
				CLANG_ENABLE_OBJC_ARC = YES;
				CLANG_WARN_BOOL_CONVERSION = YES;
				CLANG_WARN_CONSTANT_CONVERSION = YES;
				CLANG_WARN_DIRECT_OBJC_ISA_USAGE = YES_ERROR;
				CLANG_WARN_DOCUMENTATION_COMMENTS = YES;
				CLANG_WARN_EMPTY_BODY = YES;
				CLANG_WARN_ENUM_CONVERSION = YES;
				CLANG_WARN_INFINITE_RECURSION = YES;
				CLANG_WARN_INT_CONVERSION = YES;
				CLANG_WARN_OBJC_ROOT_CLASS = YES_ERROR;
				CLANG_WARN_SUSPICIOUS_MOVE = YES;
				CLANG_WARN_UNREACHABLE_CODE = YES;
				CLANG_WARN__DUPLICATE_METHOD_MATCH = YES;
				"CODE_SIGN_IDENTITY[sdk=iphoneos*]" = "iPhone Developer";
				COPY_PHASE_STRIP = NO;
				DEBUG_INFORMATION_FORMAT = dwarf;
				ENABLE_STRICT_OBJC_MSGSEND = YES;
				ENABLE_TESTABILITY = YES;
				GCC_C_LANGUAGE_STANDARD = gnu99;
				GCC_DYNAMIC_NO_PIC = NO;
				GCC_NO_COMMON_BLOCKS = YES;
				GCC_OPTIMIZATION_LEVEL = 0;
				GCC_PREPROCESSOR_DEFINITIONS = (
					"DEBUG=1",
					"$(inherited)",
				);
				GCC_WARN_64_TO_32_BIT_CONVERSION = YES;
				GCC_WARN_ABOUT_RETURN_TYPE = YES_ERROR;
				GCC_WARN_UNDECLARED_SELECTOR = YES;
				GCC_WARN_UNINITIALIZED_AUTOS = YES_AGGRESSIVE;
				GCC_WARN_UNUSED_FUNCTION = YES;
				GCC_WARN_UNUSED_VARIABLE = YES;
				IPHONEOS_DEPLOYMENT_TARGET = 10.3;
				MTL_ENABLE_DEBUG_INFO = YES;
				ONLY_ACTIVE_ARCH = YES;
				SDKROOT = iphoneos;
				SWIFT_ACTIVE_COMPILATION_CONDITIONS = DEBUG;
				SWIFT_OPTIMIZATION_LEVEL = "-Onone";
			};
			name = Debug;
		};
		591852B51EA10F4800424619 /* Release */ = {
			isa = XCBuildConfiguration;
			buildSettings = {
				ALWAYS_SEARCH_USER_PATHS = NO;
				CLANG_ANALYZER_NONNULL = YES;
				CLANG_ANALYZER_NUMBER_OBJECT_CONVERSION = YES_AGGRESSIVE;
				CLANG_CXX_LANGUAGE_STANDARD = "gnu++0x";
				CLANG_CXX_LIBRARY = "libc++";
				CLANG_ENABLE_MODULES = YES;
				CLANG_ENABLE_OBJC_ARC = YES;
				CLANG_WARN_BOOL_CONVERSION = YES;
				CLANG_WARN_CONSTANT_CONVERSION = YES;
				CLANG_WARN_DIRECT_OBJC_ISA_USAGE = YES_ERROR;
				CLANG_WARN_DOCUMENTATION_COMMENTS = YES;
				CLANG_WARN_EMPTY_BODY = YES;
				CLANG_WARN_ENUM_CONVERSION = YES;
				CLANG_WARN_INFINITE_RECURSION = YES;
				CLANG_WARN_INT_CONVERSION = YES;
				CLANG_WARN_OBJC_ROOT_CLASS = YES_ERROR;
				CLANG_WARN_SUSPICIOUS_MOVE = YES;
				CLANG_WARN_UNREACHABLE_CODE = YES;
				CLANG_WARN__DUPLICATE_METHOD_MATCH = YES;
				"CODE_SIGN_IDENTITY[sdk=iphoneos*]" = "iPhone Developer";
				COPY_PHASE_STRIP = NO;
				DEBUG_INFORMATION_FORMAT = "dwarf-with-dsym";
				ENABLE_NS_ASSERTIONS = NO;
				ENABLE_STRICT_OBJC_MSGSEND = YES;
				GCC_C_LANGUAGE_STANDARD = gnu99;
				GCC_NO_COMMON_BLOCKS = YES;
				GCC_WARN_64_TO_32_BIT_CONVERSION = YES;
				GCC_WARN_ABOUT_RETURN_TYPE = YES_ERROR;
				GCC_WARN_UNDECLARED_SELECTOR = YES;
				GCC_WARN_UNINITIALIZED_AUTOS = YES_AGGRESSIVE;
				GCC_WARN_UNUSED_FUNCTION = YES;
				GCC_WARN_UNUSED_VARIABLE = YES;
				IPHONEOS_DEPLOYMENT_TARGET = 10.3;
				MTL_ENABLE_DEBUG_INFO = NO;
				SDKROOT = iphoneos;
				SWIFT_OPTIMIZATION_LEVEL = "-Owholemodule";
				VALIDATE_PRODUCT = YES;
			};
			name = Release;
		};
		591852B71EA10F4800424619 /* Debug */ = {
			isa = XCBuildConfiguration;
			baseConfigurationReference = C01165880634DC52A8E0E522 /* Pods-Shapes.debug.xcconfig */;
			buildSettings = {
				ASSETCATALOG_COMPILER_APPICON_NAME = AppIcon;
				DEVELOPMENT_TEAM = HPYS5PBF55;
				INFOPLIST_FILE = Shapes/Info.plist;
				LD_RUNPATH_SEARCH_PATHS = "$(inherited) @executable_path/Frameworks";
				PRODUCT_BUNDLE_IDENTIFIER = com.credera.Shapes;
				PRODUCT_NAME = "$(TARGET_NAME)";
				SWIFT_VERSION = 3.0;
			};
			name = Debug;
		};
		591852B81EA10F4800424619 /* Release */ = {
			isa = XCBuildConfiguration;
			baseConfigurationReference = 3ACE682EEF4A0D0434AE0887 /* Pods-Shapes.release.xcconfig */;
			buildSettings = {
				ASSETCATALOG_COMPILER_APPICON_NAME = AppIcon;
				DEVELOPMENT_TEAM = HPYS5PBF55;
				INFOPLIST_FILE = Shapes/Info.plist;
				LD_RUNPATH_SEARCH_PATHS = "$(inherited) @executable_path/Frameworks";
				PRODUCT_BUNDLE_IDENTIFIER = com.credera.Shapes;
				PRODUCT_NAME = "$(TARGET_NAME)";
				SWIFT_VERSION = 3.0;
			};
			name = Release;
		};
		591852BA1EA10F4800424619 /* Debug */ = {
			isa = XCBuildConfiguration;
			baseConfigurationReference = 892B7B38848C02F925891640 /* Pods-ShapesTests.debug.xcconfig */;
			buildSettings = {
				ALWAYS_EMBED_SWIFT_STANDARD_LIBRARIES = YES;
				BUNDLE_LOADER = "$(TEST_HOST)";
				DEVELOPMENT_TEAM = HPYS5PBF55;
				INFOPLIST_FILE = ShapesTests/Info.plist;
				LD_RUNPATH_SEARCH_PATHS = "$(inherited) @executable_path/Frameworks @loader_path/Frameworks";
				PRODUCT_BUNDLE_IDENTIFIER = com.credera.ShapesTests;
				PRODUCT_NAME = "$(TARGET_NAME)";
				SWIFT_VERSION = 3.0;
				TEST_HOST = "$(BUILT_PRODUCTS_DIR)/Shapes.app/Shapes";
			};
			name = Debug;
		};
		591852BB1EA10F4800424619 /* Release */ = {
			isa = XCBuildConfiguration;
			baseConfigurationReference = F6D6E70EDE2B53EFBA838705 /* Pods-ShapesTests.release.xcconfig */;
			buildSettings = {
				ALWAYS_EMBED_SWIFT_STANDARD_LIBRARIES = YES;
				BUNDLE_LOADER = "$(TEST_HOST)";
				DEVELOPMENT_TEAM = HPYS5PBF55;
				INFOPLIST_FILE = ShapesTests/Info.plist;
				LD_RUNPATH_SEARCH_PATHS = "$(inherited) @executable_path/Frameworks @loader_path/Frameworks";
				PRODUCT_BUNDLE_IDENTIFIER = com.credera.ShapesTests;
				PRODUCT_NAME = "$(TARGET_NAME)";
				SWIFT_VERSION = 3.0;
				TEST_HOST = "$(BUILT_PRODUCTS_DIR)/Shapes.app/Shapes";
			};
			name = Release;
		};
		591852BD1EA10F4800424619 /* Debug */ = {
			isa = XCBuildConfiguration;
			baseConfigurationReference = 54F7613A84DB7F23F4624EE4 /* Pods-ShapesUITests.debug.xcconfig */;
			buildSettings = {
				ALWAYS_EMBED_SWIFT_STANDARD_LIBRARIES = YES;
				DEVELOPMENT_TEAM = HPYS5PBF55;
				INFOPLIST_FILE = ShapesUITests/Info.plist;
				LD_RUNPATH_SEARCH_PATHS = "$(inherited) @executable_path/Frameworks @loader_path/Frameworks";
				PRODUCT_BUNDLE_IDENTIFIER = com.credera.ShapesUITests;
				PRODUCT_NAME = "$(TARGET_NAME)";
				SWIFT_VERSION = 3.0;
				TEST_TARGET_NAME = Shapes;
			};
			name = Debug;
		};
		591852BE1EA10F4800424619 /* Release */ = {
			isa = XCBuildConfiguration;
			baseConfigurationReference = 9A8A8F8701663C286A06A9D4 /* Pods-ShapesUITests.release.xcconfig */;
			buildSettings = {
				ALWAYS_EMBED_SWIFT_STANDARD_LIBRARIES = YES;
				DEVELOPMENT_TEAM = HPYS5PBF55;
				INFOPLIST_FILE = ShapesUITests/Info.plist;
				LD_RUNPATH_SEARCH_PATHS = "$(inherited) @executable_path/Frameworks @loader_path/Frameworks";
				PRODUCT_BUNDLE_IDENTIFIER = com.credera.ShapesUITests;
				PRODUCT_NAME = "$(TARGET_NAME)";
				SWIFT_VERSION = 3.0;
				TEST_TARGET_NAME = Shapes;
			};
			name = Release;
		};
/* End XCBuildConfiguration section */

/* Begin XCConfigurationList section */
		591852871EA10F4800424619 /* Build configuration list for PBXProject "Shapes" */ = {
			isa = XCConfigurationList;
			buildConfigurations = (
				591852B41EA10F4800424619 /* Debug */,
				591852B51EA10F4800424619 /* Release */,
			);
			defaultConfigurationIsVisible = 0;
			defaultConfigurationName = Release;
		};
		591852B61EA10F4800424619 /* Build configuration list for PBXNativeTarget "Shapes" */ = {
			isa = XCConfigurationList;
			buildConfigurations = (
				591852B71EA10F4800424619 /* Debug */,
				591852B81EA10F4800424619 /* Release */,
			);
			defaultConfigurationIsVisible = 0;
			defaultConfigurationName = Release;
		};
		591852B91EA10F4800424619 /* Build configuration list for PBXNativeTarget "ShapesTests" */ = {
			isa = XCConfigurationList;
			buildConfigurations = (
				591852BA1EA10F4800424619 /* Debug */,
				591852BB1EA10F4800424619 /* Release */,
			);
			defaultConfigurationIsVisible = 0;
			defaultConfigurationName = Release;
		};
		591852BC1EA10F4800424619 /* Build configuration list for PBXNativeTarget "ShapesUITests" */ = {
			isa = XCConfigurationList;
			buildConfigurations = (
				591852BD1EA10F4800424619 /* Debug */,
				591852BE1EA10F4800424619 /* Release */,
			);
			defaultConfigurationIsVisible = 0;
			defaultConfigurationName = Release;
		};
/* End XCConfigurationList section */
	};
	rootObject = 591852841EA10F4800424619 /* Project object */;
}
